// !$*UTF8*$!
{
	archiveVersion = 1;
	classes = {
	};
	objectVersion = 46;
	objects = {

/* Begin PBXBuildFile section */
		056C679E5169889877DEBDDA /* libPods.a in Frameworks */ = {isa = PBXBuildFile; fileRef = F4200A8D112B17FCC73B7358 /* libPods.a */; };
		143714B71BEDA94200D2F5A9 /* FAImageView.m in Sources */ = {isa = PBXBuildFile; fileRef = 143714AF1BEDA94200D2F5A9 /* FAImageView.m */; };
		143714B81BEDA94200D2F5A9 /* FontAwesome.ttf in Resources */ = {isa = PBXBuildFile; fileRef = 143714B01BEDA94200D2F5A9 /* FontAwesome.ttf */; };
		143714B91BEDA94200D2F5A9 /* NSString+FontAwesome.m in Sources */ = {isa = PBXBuildFile; fileRef = 143714B21BEDA94200D2F5A9 /* NSString+FontAwesome.m */; };
		143714BA1BEDA94200D2F5A9 /* UIFont+FontAwesome.m in Sources */ = {isa = PBXBuildFile; fileRef = 143714B41BEDA94200D2F5A9 /* UIFont+FontAwesome.m */; };
		143714BB1BEDA94200D2F5A9 /* MozTopAlertView.m in Sources */ = {isa = PBXBuildFile; fileRef = 143714B61BEDA94200D2F5A9 /* MozTopAlertView.m */; };
		143A93E61BF43E62001A36C8 /* Main.storyboard in Resources */ = {isa = PBXBuildFile; fileRef = 143A93E41BF43E62001A36C8 /* Main.storyboard */; };
		143BA8631BF4D380007697E2 /* libsqlite3.0.tbd in Frameworks */ = {isa = PBXBuildFile; fileRef = 143BA8621BF4D380007697E2 /* libsqlite3.0.tbd */; };
		143BA86A1BF4D3B9007697E2 /* ImageIO.framework in Frameworks */ = {isa = PBXBuildFile; fileRef = 143BA8691BF4D3B9007697E2 /* ImageIO.framework */; };
		143BA86D1BF4D52B007697E2 /* JavaScriptCore.framework in Frameworks */ = {isa = PBXBuildFile; fileRef = 143BA86C1BF4D52B007697E2 /* JavaScriptCore.framework */; };
		143BA86F1BF4D5D4007697E2 /* AdSupport.framework in Frameworks */ = {isa = PBXBuildFile; fileRef = 143BA86E1BF4D5D4007697E2 /* AdSupport.framework */; };
		145B939B1BF37AB500A430EA /* CGGeometry+RSKImageCropper.m in Sources */ = {isa = PBXBuildFile; fileRef = 145B938B1BF37AB500A430EA /* CGGeometry+RSKImageCropper.m */; };
		145B939C1BF37AB500A430EA /* RSKImageCropperStrings.bundle in Resources */ = {isa = PBXBuildFile; fileRef = 145B938D1BF37AB500A430EA /* RSKImageCropperStrings.bundle */; };
		145B939D1BF37AB500A430EA /* RSKImageCropViewController.m in Sources */ = {isa = PBXBuildFile; fileRef = 145B93901BF37AB500A430EA /* RSKImageCropViewController.m */; };
		145B939E1BF37AB500A430EA /* RSKImageScrollView.m in Sources */ = {isa = PBXBuildFile; fileRef = 145B93921BF37AB500A430EA /* RSKImageScrollView.m */; };
		145B939F1BF37AB500A430EA /* RSKInternalUtility.m in Sources */ = {isa = PBXBuildFile; fileRef = 145B93941BF37AB500A430EA /* RSKInternalUtility.m */; };
		145B93A01BF37AB500A430EA /* RSKTouchView.m in Sources */ = {isa = PBXBuildFile; fileRef = 145B93961BF37AB500A430EA /* RSKTouchView.m */; };
		145B93A11BF37AB500A430EA /* UIApplication+RSKImageCropper.m in Sources */ = {isa = PBXBuildFile; fileRef = 145B93981BF37AB500A430EA /* UIApplication+RSKImageCropper.m */; };
		145B93A21BF37AB500A430EA /* UIImage+RSKImageCropper.m in Sources */ = {isa = PBXBuildFile; fileRef = 145B939A1BF37AB500A430EA /* UIImage+RSKImageCropper.m */; };
		14BF77791C00A0CC00251561 /* TencentOpenAPI.framework in Frameworks */ = {isa = PBXBuildFile; fileRef = 14BF775C1C00A0CC00251561 /* TencentOpenAPI.framework */; };
		14BF777A1C00A0CC00251561 /* TencentOpenApi_IOS_Bundle.bundle in Resources */ = {isa = PBXBuildFile; fileRef = 14BF775D1C00A0CC00251561 /* TencentOpenApi_IOS_Bundle.bundle */; };
		14BF777B1C00A0CC00251561 /* libWeiboSDK.a in Frameworks */ = {isa = PBXBuildFile; fileRef = 14BF775F1C00A0CC00251561 /* libWeiboSDK.a */; };
		14BF777C1C00A0CC00251561 /* WeiboSDK.bundle in Resources */ = {isa = PBXBuildFile; fileRef = 14BF77691C00A0CC00251561 /* WeiboSDK.bundle */; };
		14BF777D1C00A0CC00251561 /* libWeChatSDK.a in Frameworks */ = {isa = PBXBuildFile; fileRef = 14BF776D1C00A0CC00251561 /* libWeChatSDK.a */; };
		14BF777E1C00A0CC00251561 /* read_me.txt in Resources */ = {isa = PBXBuildFile; fileRef = 14BF776E1C00A0CC00251561 /* read_me.txt */; };
		14BF777F1C00A0CC00251561 /* MOBFoundation.framework in Frameworks */ = {isa = PBXBuildFile; fileRef = 14BF77711C00A0CC00251561 /* MOBFoundation.framework */; };
		14BF77801C00A0CC00251561 /* ShareSDK.bundle in Resources */ = {isa = PBXBuildFile; fileRef = 14BF77721C00A0CC00251561 /* ShareSDK.bundle */; };
		14BF77811C00A0CC00251561 /* ShareSDK.framework in Frameworks */ = {isa = PBXBuildFile; fileRef = 14BF77731C00A0CC00251561 /* ShareSDK.framework */; };
		14BF77821C00A0CC00251561 /* ShareSDKConnector.framework in Frameworks */ = {isa = PBXBuildFile; fileRef = 14BF77741C00A0CC00251561 /* ShareSDKConnector.framework */; };
		14BF77831C00A0CC00251561 /* ShareSDKExtension.framework in Frameworks */ = {isa = PBXBuildFile; fileRef = 14BF77751C00A0CC00251561 /* ShareSDKExtension.framework */; };
		14BF77841C00A0CC00251561 /* ShareSDKInterfaceAdapter.framework in Frameworks */ = {isa = PBXBuildFile; fileRef = 14BF77761C00A0CC00251561 /* ShareSDKInterfaceAdapter.framework */; };
		14BF77851C00A0CC00251561 /* ShareSDKUI.bundle in Resources */ = {isa = PBXBuildFile; fileRef = 14BF77771C00A0CC00251561 /* ShareSDKUI.bundle */; };
		14BF77861C00A0CC00251561 /* ShareSDKUI.framework in Frameworks */ = {isa = PBXBuildFile; fileRef = 14BF77781C00A0CC00251561 /* ShareSDKUI.framework */; };
		14BF78C41C00A36F00251561 /* Images.xcassets in Resources */ = {isa = PBXBuildFile; fileRef = 14BF78C31C00A36F00251561 /* Images.xcassets */; };
		14D3E4FB1BFC9BE300640C29 /* CFNetwork.framework in Frameworks */ = {isa = PBXBuildFile; fileRef = 14D3E4FA1BFC9BE300640C29 /* CFNetwork.framework */; };
		14D3E4FD1BFC9BF300640C29 /* CoreFoundation.framework in Frameworks */ = {isa = PBXBuildFile; fileRef = 14D3E4FC1BFC9BF300640C29 /* CoreFoundation.framework */; };
		14D3E4FF1BFC9C0700640C29 /* CoreGraphics.framework in Frameworks */ = {isa = PBXBuildFile; fileRef = 14D3E4FE1BFC9C0700640C29 /* CoreGraphics.framework */; };
		14D3E5011BFC9C1D00640C29 /* libz.tbd in Frameworks */ = {isa = PBXBuildFile; fileRef = 14D3E5001BFC9C1D00640C29 /* libz.tbd */; };
		14D3E5031BFC9C5500640C29 /* PushConfig.plist in Resources */ = {isa = PBXBuildFile; fileRef = 14D3E5021BFC9C5500640C29 /* PushConfig.plist */; };
		14E996691BF4C72E009F8184 /* SystemConfiguration.framework in Frameworks */ = {isa = PBXBuildFile; fileRef = 14E996681BF4C72E009F8184 /* SystemConfiguration.framework */; };
		14E9966B1BF4C73A009F8184 /* QuartzCore.framework in Frameworks */ = {isa = PBXBuildFile; fileRef = 14E9966A1BF4C73A009F8184 /* QuartzCore.framework */; };
		14E9966D1BF4C744009F8184 /* CoreTelephony.framework in Frameworks */ = {isa = PBXBuildFile; fileRef = 14E9966C1BF4C744009F8184 /* CoreTelephony.framework */; };
		14E9966F1BF4C765009F8184 /* Security.framework in Frameworks */ = {isa = PBXBuildFile; fileRef = 14E9966E1BF4C765009F8184 /* Security.framework */; };
		14E996711BF4C788009F8184 /* libz.1.2.5.tbd in Frameworks */ = {isa = PBXBuildFile; fileRef = 14E996701BF4C788009F8184 /* libz.1.2.5.tbd */; };
		14E996731BF4C798009F8184 /* libicucore.tbd in Frameworks */ = {isa = PBXBuildFile; fileRef = 14E996721BF4C798009F8184 /* libicucore.tbd */; };
		14E996751BF4C7BA009F8184 /* Social.framework in Frameworks */ = {isa = PBXBuildFile; fileRef = 14E996741BF4C7BA009F8184 /* Social.framework */; };
		14E996771BF4C7C3009F8184 /* Accounts.framework in Frameworks */ = {isa = PBXBuildFile; fileRef = 14E996761BF4C7C3009F8184 /* Accounts.framework */; };
		14E996791BF4C7DD009F8184 /* libstdc++.tbd in Frameworks */ = {isa = PBXBuildFile; fileRef = 14E996781BF4C7DD009F8184 /* libstdc++.tbd */; };
		14E9967B1BF4C817009F8184 /* libsqlite3.tbd in Frameworks */ = {isa = PBXBuildFile; fileRef = 14E9967A1BF4C817009F8184 /* libsqlite3.tbd */; };
		14ECBA5C1C1BC0AA00461BC5 /* TSScrollview.swift in Sources */ = {isa = PBXBuildFile; fileRef = 14ECBA5B1C1BC0AA00461BC5 /* TSScrollview.swift */; };
		14F827561BEB6F8A004AEA96 /* btn_close_normal.png in Resources */ = {isa = PBXBuildFile; fileRef = 14F827501BEB6F8A004AEA96 /* btn_close_normal.png */; };
		14F827571BEB6F8A004AEA96 /* btn_close_normal@2x.png in Resources */ = {isa = PBXBuildFile; fileRef = 14F827511BEB6F8A004AEA96 /* btn_close_normal@2x.png */; };
		14F827581BEB6F8A004AEA96 /* btn_close_selected.png in Resources */ = {isa = PBXBuildFile; fileRef = 14F827521BEB6F8A004AEA96 /* btn_close_selected.png */; };
		14F827591BEB6F8A004AEA96 /* btn_close_selected@2x.png in Resources */ = {isa = PBXBuildFile; fileRef = 14F827531BEB6F8A004AEA96 /* btn_close_selected@2x.png */; };
		14F8275A1BEB6F8A004AEA96 /* DXAlertView.m in Sources */ = {isa = PBXBuildFile; fileRef = 14F827551BEB6F8A004AEA96 /* DXAlertView.m */; };
		939313B51C1083C1001DC404 /* TuShuoNewsItem.swift in Sources */ = {isa = PBXBuildFile; fileRef = 939313B41C1083C1001DC404 /* TuShuoNewsItem.swift */; };
		939313B71C1083CF001DC404 /* FBViewController.swift in Sources */ = {isa = PBXBuildFile; fileRef = 939313B61C1083CF001DC404 /* FBViewController.swift */; };
		939313B91C1083D6001DC404 /* SettingViewController.swift in Sources */ = {isa = PBXBuildFile; fileRef = 939313B81C1083D6001DC404 /* SettingViewController.swift */; };
		939313BB1C1083E2001DC404 /* AboutViewController.swift in Sources */ = {isa = PBXBuildFile; fileRef = 939313BA1C1083E2001DC404 /* AboutViewController.swift */; };
		939313BD1C1083ED001DC404 /* CommentViewController.swift in Sources */ = {isa = PBXBuildFile; fileRef = 939313BC1C1083ED001DC404 /* CommentViewController.swift */; };
		939313BF1C1083F7001DC404 /* LocalWebViewController.swift in Sources */ = {isa = PBXBuildFile; fileRef = 939313BE1C1083F7001DC404 /* LocalWebViewController.swift */; };
		93AF652B1C0FDADB00C80A9E /* _csshake.scssc in Resources */ = {isa = PBXBuildFile; fileRef = 93AF64DB1C0FDADB00C80A9E /* _csshake.scssc */; };
		93AF652C1C0FDADB00C80A9E /* _reset.scssc in Resources */ = {isa = PBXBuildFile; fileRef = 93AF64DC1C0FDADB00C80A9E /* _reset.scssc */; };
		93AF652D1C0FDADB00C80A9E /* daily-class-style.scssc in Resources */ = {isa = PBXBuildFile; fileRef = 93AF64DD1C0FDADB00C80A9E /* daily-class-style.scssc */; };
		93AF652E1C0FDADB00C80A9E /* dayly-class-style.scssc in Resources */ = {isa = PBXBuildFile; fileRef = 93AF64DE1C0FDADB00C80A9E /* dayly-class-style.scssc */; };
		93AF652F1C0FDADB00C80A9E /* dayly-style.scssc in Resources */ = {isa = PBXBuildFile; fileRef = 93AF64DF1C0FDADB00C80A9E /* dayly-style.scssc */; };
		93AF65301C0FDADB00C80A9E /* dayly.scssc in Resources */ = {isa = PBXBuildFile; fileRef = 93AF64E01C0FDADB00C80A9E /* dayly.scssc */; };
		93AF65311C0FDADB00C80A9E /* style.scssc in Resources */ = {isa = PBXBuildFile; fileRef = 93AF64E11C0FDADB00C80A9E /* style.scssc */; };
		93AF65321C0FDADB00C80A9E /* weekly-class-style.scssc in Resources */ = {isa = PBXBuildFile; fileRef = 93AF64E21C0FDADB00C80A9E /* weekly-class-style.scssc */; };
		93AF65331C0FDADB00C80A9E /* weekly-style.scssc in Resources */ = {isa = PBXBuildFile; fileRef = 93AF64E31C0FDADB00C80A9E /* weekly-style.scssc */; };
		93AF65341C0FDADB00C80A9E /* _animation.scssc in Resources */ = {isa = PBXBuildFile; fileRef = 93AF64E51C0FDADB00C80A9E /* _animation.scssc */; };
		93AF65351C0FDADB00C80A9E /* _data.scssc in Resources */ = {isa = PBXBuildFile; fileRef = 93AF64E61C0FDADB00C80A9E /* _data.scssc */; };
		93AF65361C0FDADB00C80A9E /* _font.scssc in Resources */ = {isa = PBXBuildFile; fileRef = 93AF64E71C0FDADB00C80A9E /* _font.scssc */; };
		93AF65371C0FDADB00C80A9E /* _mixin.scssc in Resources */ = {isa = PBXBuildFile; fileRef = 93AF64E81C0FDADB00C80A9E /* _mixin.scssc */; };
		93AF65381C0FDADB00C80A9E /* classQuery.html in Resources */ = {isa = PBXBuildFile; fileRef = 93AF64E91C0FDADB00C80A9E /* classQuery.html */; };
		93AF65391C0FDADB00C80A9E /* classQuery.js in Resources */ = {isa = PBXBuildFile; fileRef = 93AF64EA1C0FDADB00C80A9E /* classQuery.js */; };
		93AF653A1C0FDADB00C80A9E /* jquery-1.11.3.min.js in Resources */ = {isa = PBXBuildFile; fileRef = 93AF64EB1C0FDADB00C80A9E /* jquery-1.11.3.min.js */; };
		93AF653B1C0FDADB00C80A9E /* materialize.css in Resources */ = {isa = PBXBuildFile; fileRef = 93AF64EC1C0FDADB00C80A9E /* materialize.css */; };
		93AF653C1C0FDADB00C80A9E /* materialize.js in Resources */ = {isa = PBXBuildFile; fileRef = 93AF64ED1C0FDADB00C80A9E /* materialize.js */; };
		93AF653D1C0FDADB00C80A9E /* materialize.min.css in Resources */ = {isa = PBXBuildFile; fileRef = 93AF64EE1C0FDADB00C80A9E /* materialize.min.css */; };
		93AF653E1C0FDADB00C80A9E /* materialize.min.js in Resources */ = {isa = PBXBuildFile; fileRef = 93AF64EF1C0FDADB00C80A9E /* materialize.min.js */; };
		93AF65461C0FDADB00C80A9E /* style.css in Resources */ = {isa = PBXBuildFile; fileRef = 93AF64F91C0FDADB00C80A9E /* style.css */; };
		93AF65471C0FDADB00C80A9E /* _animation.scssc in Resources */ = {isa = PBXBuildFile; fileRef = 93AF64FE1C0FDADB00C80A9E /* _animation.scssc */; };
		93AF65481C0FDADB00C80A9E /* _data.scssc in Resources */ = {isa = PBXBuildFile; fileRef = 93AF64FF1C0FDADB00C80A9E /* _data.scssc */; };
		93AF65491C0FDADB00C80A9E /* _font.scssc in Resources */ = {isa = PBXBuildFile; fileRef = 93AF65001C0FDADB00C80A9E /* _font.scssc */; };
		93AF654A1C0FDADB00C80A9E /* _mixin.scssc in Resources */ = {isa = PBXBuildFile; fileRef = 93AF65011C0FDADB00C80A9E /* _mixin.scssc */; };
		93AF654B1C0FDADB00C80A9E /* _csshake.scssc in Resources */ = {isa = PBXBuildFile; fileRef = 93AF65031C0FDADB00C80A9E /* _csshake.scssc */; };
		93AF654C1C0FDADB00C80A9E /* _reset.scssc in Resources */ = {isa = PBXBuildFile; fileRef = 93AF65041C0FDADB00C80A9E /* _reset.scssc */; };
		93AF654D1C0FDADB00C80A9E /* style.scssc in Resources */ = {isa = PBXBuildFile; fileRef = 93AF65051C0FDADB00C80A9E /* style.scssc */; };
		93AF654E1C0FDADB00C80A9E /* _animation.scssc in Resources */ = {isa = PBXBuildFile; fileRef = 93AF65071C0FDADB00C80A9E /* _animation.scssc */; };
		93AF654F1C0FDADB00C80A9E /* _data.scssc in Resources */ = {isa = PBXBuildFile; fileRef = 93AF65081C0FDADB00C80A9E /* _data.scssc */; };
		93AF65501C0FDADB00C80A9E /* _font.scssc in Resources */ = {isa = PBXBuildFile; fileRef = 93AF65091C0FDADB00C80A9E /* _font.scssc */; };
		93AF65511C0FDADB00C80A9E /* _mixin.scssc in Resources */ = {isa = PBXBuildFile; fileRef = 93AF650A1C0FDADB00C80A9E /* _mixin.scssc */; };
		93AF65521C0FDADB00C80A9E /* _csshake.scssc in Resources */ = {isa = PBXBuildFile; fileRef = 93AF650C1C0FDADB00C80A9E /* _csshake.scssc */; };
		93AF65531C0FDADB00C80A9E /* _reset.scssc in Resources */ = {isa = PBXBuildFile; fileRef = 93AF650D1C0FDADB00C80A9E /* _reset.scssc */; };
		93AF65541C0FDADB00C80A9E /* style.scssc in Resources */ = {isa = PBXBuildFile; fileRef = 93AF650E1C0FDADB00C80A9E /* style.scssc */; };
		93AF65551C0FDADB00C80A9E /* _csshake.scssc in Resources */ = {isa = PBXBuildFile; fileRef = 93AF65101C0FDADB00C80A9E /* _csshake.scssc */; };
		93AF65561C0FDADB00C80A9E /* _reset.scssc in Resources */ = {isa = PBXBuildFile; fileRef = 93AF65111C0FDADB00C80A9E /* _reset.scssc */; };
		93AF65571C0FDADB00C80A9E /* style.scssc in Resources */ = {isa = PBXBuildFile; fileRef = 93AF65121C0FDADB00C80A9E /* style.scssc */; };
		93AF65581C0FDADB00C80A9E /* _csshake.scssc in Resources */ = {isa = PBXBuildFile; fileRef = 93AF65141C0FDADB00C80A9E /* _csshake.scssc */; };
		93AF65591C0FDADB00C80A9E /* _reset.scssc in Resources */ = {isa = PBXBuildFile; fileRef = 93AF65151C0FDADB00C80A9E /* _reset.scssc */; };
		93AF655A1C0FDADB00C80A9E /* style.scssc in Resources */ = {isa = PBXBuildFile; fileRef = 93AF65161C0FDADB00C80A9E /* style.scssc */; };
		93AF655B1C0FDADB00C80A9E /* _animation.scssc in Resources */ = {isa = PBXBuildFile; fileRef = 93AF65181C0FDADB00C80A9E /* _animation.scssc */; };
		93AF655C1C0FDADB00C80A9E /* _data.scssc in Resources */ = {isa = PBXBuildFile; fileRef = 93AF65191C0FDADB00C80A9E /* _data.scssc */; };
		93AF655D1C0FDADB00C80A9E /* _font.scssc in Resources */ = {isa = PBXBuildFile; fileRef = 93AF651A1C0FDADB00C80A9E /* _font.scssc */; };
		93AF655E1C0FDADB00C80A9E /* _mixin.scssc in Resources */ = {isa = PBXBuildFile; fileRef = 93AF651B1C0FDADB00C80A9E /* _mixin.scssc */; };
		93AF655F1C0FDADB00C80A9E /* _animation.scssc in Resources */ = {isa = PBXBuildFile; fileRef = 93AF651D1C0FDADB00C80A9E /* _animation.scssc */; };
		93AF65601C0FDADB00C80A9E /* _data.scssc in Resources */ = {isa = PBXBuildFile; fileRef = 93AF651E1C0FDADB00C80A9E /* _data.scssc */; };
		93AF65611C0FDADB00C80A9E /* _font.scssc in Resources */ = {isa = PBXBuildFile; fileRef = 93AF651F1C0FDADB00C80A9E /* _font.scssc */; };
		93AF65621C0FDADB00C80A9E /* _mixin.scssc in Resources */ = {isa = PBXBuildFile; fileRef = 93AF65201C0FDADB00C80A9E /* _mixin.scssc */; };
		93AF65631C0FDADB00C80A9E /* jquery-1.11.3.min.js in Resources */ = {isa = PBXBuildFile; fileRef = 93AF65211C0FDADB00C80A9E /* jquery-1.11.3.min.js */; };
		93AF65641C0FDADB00C80A9E /* jquery-1.8.3.min.js in Resources */ = {isa = PBXBuildFile; fileRef = 93AF65221C0FDADB00C80A9E /* jquery-1.8.3.min.js */; };
		93AF65651C0FDADB00C80A9E /* jquery.select.js in Resources */ = {isa = PBXBuildFile; fileRef = 93AF65231C0FDADB00C80A9E /* jquery.select.js */; };
		93AF65661C0FDADB00C80A9E /* materialize.css in Resources */ = {isa = PBXBuildFile; fileRef = 93AF65241C0FDADB00C80A9E /* materialize.css */; };
		93AF65671C0FDADB00C80A9E /* materialize.min.css in Resources */ = {isa = PBXBuildFile; fileRef = 93AF65251C0FDADB00C80A9E /* materialize.min.css */; };
		93AF65681C0FDADB00C80A9E /* materialize.min.js in Resources */ = {isa = PBXBuildFile; fileRef = 93AF65261C0FDADB00C80A9E /* materialize.min.js */; };
		93AF65691C0FDADB00C80A9E /* scoreQuery.html in Resources */ = {isa = PBXBuildFile; fileRef = 93AF65271C0FDADB00C80A9E /* scoreQuery.html */; };
		93D6DC451C11D36000BB475C /* style.css in Resources */ = {isa = PBXBuildFile; fileRef = 93D6DC441C11D36000BB475C /* style.css */; };
		93D6DC471C11D36500BB475C /* scoreQuery.js in Resources */ = {isa = PBXBuildFile; fileRef = 93D6DC461C11D36500BB475C /* scoreQuery.js */; };
		D23DCFDC1BC272DD00C32F94 /* AppDelegate.swift in Sources */ = {isa = PBXBuildFile; fileRef = D23DCFD71BC272DD00C32F94 /* AppDelegate.swift */; };
		D23DCFE01BC272DD00C32F94 /* MainViewController.swift in Sources */ = {isa = PBXBuildFile; fileRef = D23DCFDB1BC272DD00C32F94 /* MainViewController.swift */; };
		D23DCFEC1BC27ED400C32F94 /* CollageViewController.swift in Sources */ = {isa = PBXBuildFile; fileRef = D23DCFEB1BC27ED400C32F94 /* CollageViewController.swift */; };
		D23DCFEE1BC27F8B00C32F94 /* TushuoViewController.swift in Sources */ = {isa = PBXBuildFile; fileRef = D23DCFED1BC27F8B00C32F94 /* TushuoViewController.swift */; };
		D26734811BC3C5A500E63D15 /* WebViewController.swift in Sources */ = {isa = PBXBuildFile; fileRef = D26734801BC3C5A500E63D15 /* WebViewController.swift */; };
		D26734831BC3E35700E63D15 /* tsShowCardViewController.swift in Sources */ = {isa = PBXBuildFile; fileRef = D26734821BC3E35700E63D15 /* tsShowCardViewController.swift */; };
		D2C040601BBFC71A00791443 /* rxNewsAppTests.swift in Sources */ = {isa = PBXBuildFile; fileRef = D2C0405F1BBFC71A00791443 /* rxNewsAppTests.swift */; };
		D2FC4D991BD4C89D00F18240 /* UserViewController.swift in Sources */ = {isa = PBXBuildFile; fileRef = D2FC4D981BD4C89D00F18240 /* UserViewController.swift */; };
/* End PBXBuildFile section */

/* Begin PBXContainerItemProxy section */
		143714DE1BEDAAC000D2F5A9 /* PBXContainerItemProxy */ = {
			isa = PBXContainerItemProxy;
			containerPortal = 143714D61BEDAABF00D2F5A9 /* Pods.xcodeproj */;
			proxyType = 2;
			remoteGlobalIDString = B731F3C79F3EDFA1DF17D10D34B18E1E;
			remoteInfo = AFNetworking;
		};
		143714E01BEDAAC000D2F5A9 /* PBXContainerItemProxy */ = {
			isa = PBXContainerItemProxy;
			containerPortal = 143714D61BEDAABF00D2F5A9 /* Pods.xcodeproj */;
			proxyType = 2;
			remoteGlobalIDString = 4B477CF65602521B791614A5B326FAC2;
			remoteInfo = MJRefresh;
		};
		143714E21BEDAAC000D2F5A9 /* PBXContainerItemProxy */ = {
			isa = PBXContainerItemProxy;
			containerPortal = 143714D61BEDAABF00D2F5A9 /* Pods.xcodeproj */;
			proxyType = 2;
			remoteGlobalIDString = 104CBACB3E2B16A4623A8CC8AE0159B9;
			remoteInfo = Pods;
		};
		143714E41BEDAAC000D2F5A9 /* PBXContainerItemProxy */ = {
			isa = PBXContainerItemProxy;
			containerPortal = 143714D61BEDAABF00D2F5A9 /* Pods.xcodeproj */;
			proxyType = 2;
			remoteGlobalIDString = A4E3C75131DB73B535BA7338F6201845;
			remoteInfo = SDWebImage;
		};
		143714E61BEDAAC000D2F5A9 /* PBXContainerItemProxy */ = {
			isa = PBXContainerItemProxy;
			containerPortal = 143714D61BEDAABF00D2F5A9 /* Pods.xcodeproj */;
			proxyType = 2;
			remoteGlobalIDString = 67479A9A58DC13D06495057D4800628F;
			remoteInfo = XLPagerTabStrip;
		};
		14C9F6B71BF7508F00319365 /* PBXContainerItemProxy */ = {
			isa = PBXContainerItemProxy;
			containerPortal = 143714D61BEDAABF00D2F5A9 /* Pods.xcodeproj */;
			proxyType = 2;
			remoteGlobalIDString = 53C3F3892E011222871F089DA0D7BC26;
			remoteInfo = VIPhotoView;
		};
		D2C0405A1BBFC71A00791443 /* PBXContainerItemProxy */ = {
			isa = PBXContainerItemProxy;
			containerPortal = D2C0403C1BBFC71A00791443 /* Project object */;
			proxyType = 1;
			remoteGlobalIDString = D2C040431BBFC71A00791443;
			remoteInfo = rxNewsApp;
		};
/* End PBXContainerItemProxy section */

/* Begin PBXFileReference section */
		143714AE1BEDA94200D2F5A9 /* FAImageView.h */ = {isa = PBXFileReference; fileEncoding = 4; lastKnownFileType = sourcecode.c.h; path = FAImageView.h; sourceTree = "<group>"; };
		143714AF1BEDA94200D2F5A9 /* FAImageView.m */ = {isa = PBXFileReference; fileEncoding = 4; lastKnownFileType = sourcecode.c.objc; path = FAImageView.m; sourceTree = "<group>"; };
		143714B01BEDA94200D2F5A9 /* FontAwesome.ttf */ = {isa = PBXFileReference; lastKnownFileType = file; path = FontAwesome.ttf; sourceTree = "<group>"; };
		143714B11BEDA94200D2F5A9 /* NSString+FontAwesome.h */ = {isa = PBXFileReference; fileEncoding = 4; lastKnownFileType = sourcecode.c.h; path = "NSString+FontAwesome.h"; sourceTree = "<group>"; };
		143714B21BEDA94200D2F5A9 /* NSString+FontAwesome.m */ = {isa = PBXFileReference; fileEncoding = 4; lastKnownFileType = sourcecode.c.objc; path = "NSString+FontAwesome.m"; sourceTree = "<group>"; };
		143714B31BEDA94200D2F5A9 /* UIFont+FontAwesome.h */ = {isa = PBXFileReference; fileEncoding = 4; lastKnownFileType = sourcecode.c.h; path = "UIFont+FontAwesome.h"; sourceTree = "<group>"; };
		143714B41BEDA94200D2F5A9 /* UIFont+FontAwesome.m */ = {isa = PBXFileReference; fileEncoding = 4; lastKnownFileType = sourcecode.c.objc; path = "UIFont+FontAwesome.m"; sourceTree = "<group>"; };
		143714B51BEDA94200D2F5A9 /* MozTopAlertView.h */ = {isa = PBXFileReference; fileEncoding = 4; lastKnownFileType = sourcecode.c.h; path = MozTopAlertView.h; sourceTree = "<group>"; };
		143714B61BEDA94200D2F5A9 /* MozTopAlertView.m */ = {isa = PBXFileReference; fileEncoding = 4; lastKnownFileType = sourcecode.c.objc; path = MozTopAlertView.m; sourceTree = "<group>"; };
		143714D61BEDAABF00D2F5A9 /* Pods.xcodeproj */ = {isa = PBXFileReference; lastKnownFileType = "wrapper.pb-project"; name = Pods.xcodeproj; path = Pods/Pods.xcodeproj; sourceTree = "<group>"; };
		143A93E51BF43E62001A36C8 /* Base */ = {isa = PBXFileReference; lastKnownFileType = file.storyboard; name = Base; path = rxNewsApp/Base.lproj/Main.storyboard; sourceTree = "<group>"; };
		143BA8621BF4D380007697E2 /* libsqlite3.0.tbd */ = {isa = PBXFileReference; lastKnownFileType = "sourcecode.text-based-dylib-definition"; name = libsqlite3.0.tbd; path = usr/lib/libsqlite3.0.tbd; sourceTree = SDKROOT; };
		143BA8691BF4D3B9007697E2 /* ImageIO.framework */ = {isa = PBXFileReference; lastKnownFileType = wrapper.framework; name = ImageIO.framework; path = System/Library/Frameworks/ImageIO.framework; sourceTree = SDKROOT; };
		143BA86C1BF4D52B007697E2 /* JavaScriptCore.framework */ = {isa = PBXFileReference; lastKnownFileType = wrapper.framework; name = JavaScriptCore.framework; path = System/Library/Frameworks/JavaScriptCore.framework; sourceTree = SDKROOT; };
		143BA86E1BF4D5D4007697E2 /* AdSupport.framework */ = {isa = PBXFileReference; lastKnownFileType = wrapper.framework; name = AdSupport.framework; path = System/Library/Frameworks/AdSupport.framework; sourceTree = SDKROOT; };
		145B938A1BF37AB500A430EA /* CGGeometry+RSKImageCropper.h */ = {isa = PBXFileReference; fileEncoding = 4; lastKnownFileType = sourcecode.c.h; path = "CGGeometry+RSKImageCropper.h"; sourceTree = "<group>"; };
		145B938B1BF37AB500A430EA /* CGGeometry+RSKImageCropper.m */ = {isa = PBXFileReference; fileEncoding = 4; lastKnownFileType = sourcecode.c.objc; path = "CGGeometry+RSKImageCropper.m"; sourceTree = "<group>"; };
		145B938C1BF37AB500A430EA /* RSKImageCropper.h */ = {isa = PBXFileReference; fileEncoding = 4; lastKnownFileType = sourcecode.c.h; path = RSKImageCropper.h; sourceTree = "<group>"; };
		145B938D1BF37AB500A430EA /* RSKImageCropperStrings.bundle */ = {isa = PBXFileReference; lastKnownFileType = "wrapper.plug-in"; path = RSKImageCropperStrings.bundle; sourceTree = "<group>"; };
		145B938E1BF37AB500A430EA /* RSKImageCropViewController+Protected.h */ = {isa = PBXFileReference; fileEncoding = 4; lastKnownFileType = sourcecode.c.h; path = "RSKImageCropViewController+Protected.h"; sourceTree = "<group>"; };
		145B938F1BF37AB500A430EA /* RSKImageCropViewController.h */ = {isa = PBXFileReference; fileEncoding = 4; lastKnownFileType = sourcecode.c.h; path = RSKImageCropViewController.h; sourceTree = "<group>"; };
		145B93901BF37AB500A430EA /* RSKImageCropViewController.m */ = {isa = PBXFileReference; fileEncoding = 4; lastKnownFileType = sourcecode.c.objc; path = RSKImageCropViewController.m; sourceTree = "<group>"; };
		145B93911BF37AB500A430EA /* RSKImageScrollView.h */ = {isa = PBXFileReference; fileEncoding = 4; lastKnownFileType = sourcecode.c.h; path = RSKImageScrollView.h; sourceTree = "<group>"; };
		145B93921BF37AB500A430EA /* RSKImageScrollView.m */ = {isa = PBXFileReference; fileEncoding = 4; lastKnownFileType = sourcecode.c.objc; path = RSKImageScrollView.m; sourceTree = "<group>"; };
		145B93931BF37AB500A430EA /* RSKInternalUtility.h */ = {isa = PBXFileReference; fileEncoding = 4; lastKnownFileType = sourcecode.c.h; path = RSKInternalUtility.h; sourceTree = "<group>"; };
		145B93941BF37AB500A430EA /* RSKInternalUtility.m */ = {isa = PBXFileReference; fileEncoding = 4; lastKnownFileType = sourcecode.c.objc; path = RSKInternalUtility.m; sourceTree = "<group>"; };
		145B93951BF37AB500A430EA /* RSKTouchView.h */ = {isa = PBXFileReference; fileEncoding = 4; lastKnownFileType = sourcecode.c.h; path = RSKTouchView.h; sourceTree = "<group>"; };
		145B93961BF37AB500A430EA /* RSKTouchView.m */ = {isa = PBXFileReference; fileEncoding = 4; lastKnownFileType = sourcecode.c.objc; path = RSKTouchView.m; sourceTree = "<group>"; };
		145B93971BF37AB500A430EA /* UIApplication+RSKImageCropper.h */ = {isa = PBXFileReference; fileEncoding = 4; lastKnownFileType = sourcecode.c.h; path = "UIApplication+RSKImageCropper.h"; sourceTree = "<group>"; };
		145B93981BF37AB500A430EA /* UIApplication+RSKImageCropper.m */ = {isa = PBXFileReference; fileEncoding = 4; lastKnownFileType = sourcecode.c.objc; path = "UIApplication+RSKImageCropper.m"; sourceTree = "<group>"; };
		145B93991BF37AB500A430EA /* UIImage+RSKImageCropper.h */ = {isa = PBXFileReference; fileEncoding = 4; lastKnownFileType = sourcecode.c.h; path = "UIImage+RSKImageCropper.h"; sourceTree = "<group>"; };
		145B939A1BF37AB500A430EA /* UIImage+RSKImageCropper.m */ = {isa = PBXFileReference; fileEncoding = 4; lastKnownFileType = sourcecode.c.objc; path = "UIImage+RSKImageCropper.m"; sourceTree = "<group>"; };
		14BF775C1C00A0CC00251561 /* TencentOpenAPI.framework */ = {isa = PBXFileReference; lastKnownFileType = wrapper.framework; path = TencentOpenAPI.framework; sourceTree = "<group>"; };
		14BF775D1C00A0CC00251561 /* TencentOpenApi_IOS_Bundle.bundle */ = {isa = PBXFileReference; lastKnownFileType = "wrapper.plug-in"; path = TencentOpenApi_IOS_Bundle.bundle; sourceTree = "<group>"; };
		14BF775F1C00A0CC00251561 /* libWeiboSDK.a */ = {isa = PBXFileReference; lastKnownFileType = archive.ar; path = libWeiboSDK.a; sourceTree = "<group>"; };
		14BF77601C00A0CC00251561 /* WBHttpRequest+WeiboGame.h */ = {isa = PBXFileReference; fileEncoding = 4; lastKnownFileType = sourcecode.c.h; path = "WBHttpRequest+WeiboGame.h"; sourceTree = "<group>"; };
		14BF77611C00A0CC00251561 /* WBHttpRequest+WeiboShare.h */ = {isa = PBXFileReference; fileEncoding = 4; lastKnownFileType = sourcecode.c.h; path = "WBHttpRequest+WeiboShare.h"; sourceTree = "<group>"; };
		14BF77621C00A0CC00251561 /* WBHttpRequest+WeiboToken.h */ = {isa = PBXFileReference; fileEncoding = 4; lastKnownFileType = sourcecode.c.h; path = "WBHttpRequest+WeiboToken.h"; sourceTree = "<group>"; };
		14BF77631C00A0CC00251561 /* WBHttpRequest+WeiboUser.h */ = {isa = PBXFileReference; fileEncoding = 4; lastKnownFileType = sourcecode.c.h; path = "WBHttpRequest+WeiboUser.h"; sourceTree = "<group>"; };
		14BF77641C00A0CC00251561 /* WBHttpRequest.h */ = {isa = PBXFileReference; fileEncoding = 4; lastKnownFileType = sourcecode.c.h; path = WBHttpRequest.h; sourceTree = "<group>"; };
		14BF77651C00A0CC00251561 /* WBSDKBasicButton.h */ = {isa = PBXFileReference; fileEncoding = 4; lastKnownFileType = sourcecode.c.h; path = WBSDKBasicButton.h; sourceTree = "<group>"; };
		14BF77661C00A0CC00251561 /* WBSDKCommentButton.h */ = {isa = PBXFileReference; fileEncoding = 4; lastKnownFileType = sourcecode.c.h; path = WBSDKCommentButton.h; sourceTree = "<group>"; };
		14BF77671C00A0CC00251561 /* WBSDKRelationshipButton.h */ = {isa = PBXFileReference; fileEncoding = 4; lastKnownFileType = sourcecode.c.h; path = WBSDKRelationshipButton.h; sourceTree = "<group>"; };
		14BF77681C00A0CC00251561 /* WeiboSDK+Statistics.h */ = {isa = PBXFileReference; fileEncoding = 4; lastKnownFileType = sourcecode.c.h; path = "WeiboSDK+Statistics.h"; sourceTree = "<group>"; };
		14BF77691C00A0CC00251561 /* WeiboSDK.bundle */ = {isa = PBXFileReference; lastKnownFileType = "wrapper.plug-in"; path = WeiboSDK.bundle; sourceTree = "<group>"; };
		14BF776A1C00A0CC00251561 /* WeiboSDK.h */ = {isa = PBXFileReference; fileEncoding = 4; lastKnownFileType = sourcecode.c.h; path = WeiboSDK.h; sourceTree = "<group>"; };
		14BF776B1C00A0CC00251561 /* WeiboUser.h */ = {isa = PBXFileReference; fileEncoding = 4; lastKnownFileType = sourcecode.c.h; path = WeiboUser.h; sourceTree = "<group>"; };
		14BF776D1C00A0CC00251561 /* libWeChatSDK.a */ = {isa = PBXFileReference; lastKnownFileType = archive.ar; path = libWeChatSDK.a; sourceTree = "<group>"; };
		14BF776E1C00A0CC00251561 /* read_me.txt */ = {isa = PBXFileReference; fileEncoding = 4; lastKnownFileType = text; path = read_me.txt; sourceTree = "<group>"; };
		14BF776F1C00A0CC00251561 /* WXApi.h */ = {isa = PBXFileReference; fileEncoding = 4; lastKnownFileType = sourcecode.c.h; path = WXApi.h; sourceTree = "<group>"; };
		14BF77701C00A0CC00251561 /* WXApiObject.h */ = {isa = PBXFileReference; fileEncoding = 4; lastKnownFileType = sourcecode.c.h; path = WXApiObject.h; sourceTree = "<group>"; };
		14BF77711C00A0CC00251561 /* MOBFoundation.framework */ = {isa = PBXFileReference; lastKnownFileType = wrapper.framework; path = MOBFoundation.framework; sourceTree = "<group>"; };
		14BF77721C00A0CC00251561 /* ShareSDK.bundle */ = {isa = PBXFileReference; lastKnownFileType = "wrapper.plug-in"; path = ShareSDK.bundle; sourceTree = "<group>"; };
		14BF77731C00A0CC00251561 /* ShareSDK.framework */ = {isa = PBXFileReference; lastKnownFileType = wrapper.framework; path = ShareSDK.framework; sourceTree = "<group>"; };
		14BF77741C00A0CC00251561 /* ShareSDKConnector.framework */ = {isa = PBXFileReference; lastKnownFileType = wrapper.framework; path = ShareSDKConnector.framework; sourceTree = "<group>"; };
		14BF77751C00A0CC00251561 /* ShareSDKExtension.framework */ = {isa = PBXFileReference; lastKnownFileType = wrapper.framework; path = ShareSDKExtension.framework; sourceTree = "<group>"; };
		14BF77761C00A0CC00251561 /* ShareSDKInterfaceAdapter.framework */ = {isa = PBXFileReference; lastKnownFileType = wrapper.framework; path = ShareSDKInterfaceAdapter.framework; sourceTree = "<group>"; };
		14BF77771C00A0CC00251561 /* ShareSDKUI.bundle */ = {isa = PBXFileReference; lastKnownFileType = "wrapper.plug-in"; path = ShareSDKUI.bundle; sourceTree = "<group>"; };
		14BF77781C00A0CC00251561 /* ShareSDKUI.framework */ = {isa = PBXFileReference; lastKnownFileType = wrapper.framework; path = ShareSDKUI.framework; sourceTree = "<group>"; };
		14BF78C31C00A36F00251561 /* Images.xcassets */ = {isa = PBXFileReference; lastKnownFileType = folder.assetcatalog; name = Images.xcassets; path = rxNewsApp/Images.xcassets; sourceTree = "<group>"; };
		14D3E4FA1BFC9BE300640C29 /* CFNetwork.framework */ = {isa = PBXFileReference; lastKnownFileType = wrapper.framework; name = CFNetwork.framework; path = System/Library/Frameworks/CFNetwork.framework; sourceTree = SDKROOT; };
		14D3E4FC1BFC9BF300640C29 /* CoreFoundation.framework */ = {isa = PBXFileReference; lastKnownFileType = wrapper.framework; name = CoreFoundation.framework; path = System/Library/Frameworks/CoreFoundation.framework; sourceTree = SDKROOT; };
		14D3E4FE1BFC9C0700640C29 /* CoreGraphics.framework */ = {isa = PBXFileReference; lastKnownFileType = wrapper.framework; name = CoreGraphics.framework; path = System/Library/Frameworks/CoreGraphics.framework; sourceTree = SDKROOT; };
		14D3E5001BFC9C1D00640C29 /* libz.tbd */ = {isa = PBXFileReference; lastKnownFileType = "sourcecode.text-based-dylib-definition"; name = libz.tbd; path = usr/lib/libz.tbd; sourceTree = SDKROOT; };
		14D3E5021BFC9C5500640C29 /* PushConfig.plist */ = {isa = PBXFileReference; fileEncoding = 4; lastKnownFileType = text.plist.xml; path = PushConfig.plist; sourceTree = "<group>"; };
		14E996681BF4C72E009F8184 /* SystemConfiguration.framework */ = {isa = PBXFileReference; lastKnownFileType = wrapper.framework; name = SystemConfiguration.framework; path = System/Library/Frameworks/SystemConfiguration.framework; sourceTree = SDKROOT; };
		14E9966A1BF4C73A009F8184 /* QuartzCore.framework */ = {isa = PBXFileReference; lastKnownFileType = wrapper.framework; name = QuartzCore.framework; path = System/Library/Frameworks/QuartzCore.framework; sourceTree = SDKROOT; };
		14E9966C1BF4C744009F8184 /* CoreTelephony.framework */ = {isa = PBXFileReference; lastKnownFileType = wrapper.framework; name = CoreTelephony.framework; path = System/Library/Frameworks/CoreTelephony.framework; sourceTree = SDKROOT; };
		14E9966E1BF4C765009F8184 /* Security.framework */ = {isa = PBXFileReference; lastKnownFileType = wrapper.framework; name = Security.framework; path = System/Library/Frameworks/Security.framework; sourceTree = SDKROOT; };
		14E996701BF4C788009F8184 /* libz.1.2.5.tbd */ = {isa = PBXFileReference; lastKnownFileType = "sourcecode.text-based-dylib-definition"; name = libz.1.2.5.tbd; path = usr/lib/libz.1.2.5.tbd; sourceTree = SDKROOT; };
		14E996721BF4C798009F8184 /* libicucore.tbd */ = {isa = PBXFileReference; lastKnownFileType = "sourcecode.text-based-dylib-definition"; name = libicucore.tbd; path = usr/lib/libicucore.tbd; sourceTree = SDKROOT; };
		14E996741BF4C7BA009F8184 /* Social.framework */ = {isa = PBXFileReference; lastKnownFileType = wrapper.framework; name = Social.framework; path = System/Library/Frameworks/Social.framework; sourceTree = SDKROOT; };
		14E996761BF4C7C3009F8184 /* Accounts.framework */ = {isa = PBXFileReference; lastKnownFileType = wrapper.framework; name = Accounts.framework; path = System/Library/Frameworks/Accounts.framework; sourceTree = SDKROOT; };
		14E996781BF4C7DD009F8184 /* libstdc++.tbd */ = {isa = PBXFileReference; lastKnownFileType = "sourcecode.text-based-dylib-definition"; name = "libstdc++.tbd"; path = "usr/lib/libstdc++.tbd"; sourceTree = SDKROOT; };
		14E9967A1BF4C817009F8184 /* libsqlite3.tbd */ = {isa = PBXFileReference; lastKnownFileType = "sourcecode.text-based-dylib-definition"; name = libsqlite3.tbd; path = usr/lib/libsqlite3.tbd; sourceTree = SDKROOT; };
		14ECBA5B1C1BC0AA00461BC5 /* TSScrollview.swift */ = {isa = PBXFileReference; fileEncoding = 4; lastKnownFileType = sourcecode.swift; path = TSScrollview.swift; sourceTree = "<group>"; };
		14F827501BEB6F8A004AEA96 /* btn_close_normal.png */ = {isa = PBXFileReference; lastKnownFileType = image.png; path = btn_close_normal.png; sourceTree = "<group>"; };
		14F827511BEB6F8A004AEA96 /* btn_close_normal@2x.png */ = {isa = PBXFileReference; lastKnownFileType = image.png; path = "btn_close_normal@2x.png"; sourceTree = "<group>"; };
		14F827521BEB6F8A004AEA96 /* btn_close_selected.png */ = {isa = PBXFileReference; lastKnownFileType = image.png; path = btn_close_selected.png; sourceTree = "<group>"; };
		14F827531BEB6F8A004AEA96 /* btn_close_selected@2x.png */ = {isa = PBXFileReference; lastKnownFileType = image.png; path = "btn_close_selected@2x.png"; sourceTree = "<group>"; };
		14F827541BEB6F8A004AEA96 /* DXAlertView.h */ = {isa = PBXFileReference; fileEncoding = 4; lastKnownFileType = sourcecode.c.h; path = DXAlertView.h; sourceTree = "<group>"; };
		14F827551BEB6F8A004AEA96 /* DXAlertView.m */ = {isa = PBXFileReference; fileEncoding = 4; lastKnownFileType = sourcecode.c.objc; path = DXAlertView.m; sourceTree = "<group>"; };
		197015E37310C125A909AEF2 /* Pods.release.xcconfig */ = {isa = PBXFileReference; includeInIndex = 1; lastKnownFileType = text.xcconfig; name = Pods.release.xcconfig; path = "Pods/Target Support Files/Pods/Pods.release.xcconfig"; sourceTree = "<group>"; };
		939313B41C1083C1001DC404 /* TuShuoNewsItem.swift */ = {isa = PBXFileReference; fileEncoding = 4; lastKnownFileType = sourcecode.swift; name = TuShuoNewsItem.swift; path = rxNewsApp/TuShuoNewsItem.swift; sourceTree = "<group>"; };
		939313B61C1083CF001DC404 /* FBViewController.swift */ = {isa = PBXFileReference; fileEncoding = 4; lastKnownFileType = sourcecode.swift; name = FBViewController.swift; path = rxNewsApp/FBViewController.swift; sourceTree = "<group>"; };
		939313B81C1083D6001DC404 /* SettingViewController.swift */ = {isa = PBXFileReference; fileEncoding = 4; lastKnownFileType = sourcecode.swift; name = SettingViewController.swift; path = rxNewsApp/SettingViewController.swift; sourceTree = "<group>"; };
		939313BA1C1083E2001DC404 /* AboutViewController.swift */ = {isa = PBXFileReference; fileEncoding = 4; lastKnownFileType = sourcecode.swift; name = AboutViewController.swift; path = rxNewsApp/AboutViewController.swift; sourceTree = "<group>"; };
		939313BC1C1083ED001DC404 /* CommentViewController.swift */ = {isa = PBXFileReference; fileEncoding = 4; lastKnownFileType = sourcecode.swift; name = CommentViewController.swift; path = rxNewsApp/CommentViewController.swift; sourceTree = "<group>"; };
		939313BE1C1083F7001DC404 /* LocalWebViewController.swift */ = {isa = PBXFileReference; fileEncoding = 4; lastKnownFileType = sourcecode.swift; name = LocalWebViewController.swift; path = rxNewsApp/LocalWebViewController.swift; sourceTree = "<group>"; };
		93AF64DB1C0FDADB00C80A9E /* _csshake.scssc */ = {isa = PBXFileReference; lastKnownFileType = file; path = _csshake.scssc; sourceTree = "<group>"; };
		93AF64DC1C0FDADB00C80A9E /* _reset.scssc */ = {isa = PBXFileReference; lastKnownFileType = file; path = _reset.scssc; sourceTree = "<group>"; };
		93AF64DD1C0FDADB00C80A9E /* daily-class-style.scssc */ = {isa = PBXFileReference; lastKnownFileType = file; path = "daily-class-style.scssc"; sourceTree = "<group>"; };
		93AF64DE1C0FDADB00C80A9E /* dayly-class-style.scssc */ = {isa = PBXFileReference; lastKnownFileType = file; path = "dayly-class-style.scssc"; sourceTree = "<group>"; };
		93AF64DF1C0FDADB00C80A9E /* dayly-style.scssc */ = {isa = PBXFileReference; lastKnownFileType = file; path = "dayly-style.scssc"; sourceTree = "<group>"; };
		93AF64E01C0FDADB00C80A9E /* dayly.scssc */ = {isa = PBXFileReference; lastKnownFileType = file; path = dayly.scssc; sourceTree = "<group>"; };
		93AF64E11C0FDADB00C80A9E /* style.scssc */ = {isa = PBXFileReference; lastKnownFileType = file; path = style.scssc; sourceTree = "<group>"; };
		93AF64E21C0FDADB00C80A9E /* weekly-class-style.scssc */ = {isa = PBXFileReference; lastKnownFileType = file; path = "weekly-class-style.scssc"; sourceTree = "<group>"; };
		93AF64E31C0FDADB00C80A9E /* weekly-style.scssc */ = {isa = PBXFileReference; lastKnownFileType = file; path = "weekly-style.scssc"; sourceTree = "<group>"; };
		93AF64E51C0FDADB00C80A9E /* _animation.scssc */ = {isa = PBXFileReference; lastKnownFileType = file; path = _animation.scssc; sourceTree = "<group>"; };
		93AF64E61C0FDADB00C80A9E /* _data.scssc */ = {isa = PBXFileReference; lastKnownFileType = file; path = _data.scssc; sourceTree = "<group>"; };
		93AF64E71C0FDADB00C80A9E /* _font.scssc */ = {isa = PBXFileReference; lastKnownFileType = file; path = _font.scssc; sourceTree = "<group>"; };
		93AF64E81C0FDADB00C80A9E /* _mixin.scssc */ = {isa = PBXFileReference; lastKnownFileType = file; path = _mixin.scssc; sourceTree = "<group>"; };
		93AF64E91C0FDADB00C80A9E /* classQuery.html */ = {isa = PBXFileReference; fileEncoding = 4; lastKnownFileType = text.html; path = classQuery.html; sourceTree = "<group>"; };
		93AF64EA1C0FDADB00C80A9E /* classQuery.js */ = {isa = PBXFileReference; fileEncoding = 4; lastKnownFileType = sourcecode.javascript; path = classQuery.js; sourceTree = "<group>"; };
		93AF64EB1C0FDADB00C80A9E /* jquery-1.11.3.min.js */ = {isa = PBXFileReference; fileEncoding = 4; lastKnownFileType = sourcecode.javascript; path = "jquery-1.11.3.min.js"; sourceTree = "<group>"; };
		93AF64EC1C0FDADB00C80A9E /* materialize.css */ = {isa = PBXFileReference; fileEncoding = 4; lastKnownFileType = text.css; path = materialize.css; sourceTree = "<group>"; };
		93AF64ED1C0FDADB00C80A9E /* materialize.js */ = {isa = PBXFileReference; fileEncoding = 4; lastKnownFileType = sourcecode.javascript; path = materialize.js; sourceTree = "<group>"; };
		93AF64EE1C0FDADB00C80A9E /* materialize.min.css */ = {isa = PBXFileReference; fileEncoding = 4; lastKnownFileType = text.css; path = materialize.min.css; sourceTree = "<group>"; };
		93AF64EF1C0FDADB00C80A9E /* materialize.min.js */ = {isa = PBXFileReference; fileEncoding = 4; lastKnownFileType = sourcecode.javascript; path = materialize.min.js; sourceTree = "<group>"; };
		93AF64F91C0FDADB00C80A9E /* style.css */ = {isa = PBXFileReference; fileEncoding = 4; lastKnownFileType = text.css; path = style.css; sourceTree = "<group>"; };
		93AF64FA1C0FDADB00C80A9E /* style.css.map */ = {isa = PBXFileReference; fileEncoding = 4; lastKnownFileType = "sourcecode.module-map"; path = style.css.map; sourceTree = "<group>"; };
		93AF64FE1C0FDADB00C80A9E /* _animation.scssc */ = {isa = PBXFileReference; lastKnownFileType = file; path = _animation.scssc; sourceTree = "<group>"; };
		93AF64FF1C0FDADB00C80A9E /* _data.scssc */ = {isa = PBXFileReference; lastKnownFileType = file; path = _data.scssc; sourceTree = "<group>"; };
		93AF65001C0FDADB00C80A9E /* _font.scssc */ = {isa = PBXFileReference; lastKnownFileType = file; path = _font.scssc; sourceTree = "<group>"; };
		93AF65011C0FDADB00C80A9E /* _mixin.scssc */ = {isa = PBXFileReference; lastKnownFileType = file; path = _mixin.scssc; sourceTree = "<group>"; };
		93AF65031C0FDADB00C80A9E /* _csshake.scssc */ = {isa = PBXFileReference; lastKnownFileType = file; path = _csshake.scssc; sourceTree = "<group>"; };
		93AF65041C0FDADB00C80A9E /* _reset.scssc */ = {isa = PBXFileReference; lastKnownFileType = file; path = _reset.scssc; sourceTree = "<group>"; };
		93AF65051C0FDADB00C80A9E /* style.scssc */ = {isa = PBXFileReference; lastKnownFileType = file; path = style.scssc; sourceTree = "<group>"; };
		93AF65071C0FDADB00C80A9E /* _animation.scssc */ = {isa = PBXFileReference; lastKnownFileType = file; path = _animation.scssc; sourceTree = "<group>"; };
		93AF65081C0FDADB00C80A9E /* _data.scssc */ = {isa = PBXFileReference; lastKnownFileType = file; path = _data.scssc; sourceTree = "<group>"; };
		93AF65091C0FDADB00C80A9E /* _font.scssc */ = {isa = PBXFileReference; lastKnownFileType = file; path = _font.scssc; sourceTree = "<group>"; };
		93AF650A1C0FDADB00C80A9E /* _mixin.scssc */ = {isa = PBXFileReference; lastKnownFileType = file; path = _mixin.scssc; sourceTree = "<group>"; };
		93AF650C1C0FDADB00C80A9E /* _csshake.scssc */ = {isa = PBXFileReference; lastKnownFileType = file; path = _csshake.scssc; sourceTree = "<group>"; };
		93AF650D1C0FDADB00C80A9E /* _reset.scssc */ = {isa = PBXFileReference; lastKnownFileType = file; path = _reset.scssc; sourceTree = "<group>"; };
		93AF650E1C0FDADB00C80A9E /* style.scssc */ = {isa = PBXFileReference; lastKnownFileType = file; path = style.scssc; sourceTree = "<group>"; };
		93AF65101C0FDADB00C80A9E /* _csshake.scssc */ = {isa = PBXFileReference; lastKnownFileType = file; path = _csshake.scssc; sourceTree = "<group>"; };
		93AF65111C0FDADB00C80A9E /* _reset.scssc */ = {isa = PBXFileReference; lastKnownFileType = file; path = _reset.scssc; sourceTree = "<group>"; };
		93AF65121C0FDADB00C80A9E /* style.scssc */ = {isa = PBXFileReference; lastKnownFileType = file; path = style.scssc; sourceTree = "<group>"; };
		93AF65141C0FDADB00C80A9E /* _csshake.scssc */ = {isa = PBXFileReference; lastKnownFileType = file; path = _csshake.scssc; sourceTree = "<group>"; };
		93AF65151C0FDADB00C80A9E /* _reset.scssc */ = {isa = PBXFileReference; lastKnownFileType = file; path = _reset.scssc; sourceTree = "<group>"; };
		93AF65161C0FDADB00C80A9E /* style.scssc */ = {isa = PBXFileReference; lastKnownFileType = file; path = style.scssc; sourceTree = "<group>"; };
		93AF65181C0FDADB00C80A9E /* _animation.scssc */ = {isa = PBXFileReference; lastKnownFileType = file; path = _animation.scssc; sourceTree = "<group>"; };
		93AF65191C0FDADB00C80A9E /* _data.scssc */ = {isa = PBXFileReference; lastKnownFileType = file; path = _data.scssc; sourceTree = "<group>"; };
		93AF651A1C0FDADB00C80A9E /* _font.scssc */ = {isa = PBXFileReference; lastKnownFileType = file; path = _font.scssc; sourceTree = "<group>"; };
		93AF651B1C0FDADB00C80A9E /* _mixin.scssc */ = {isa = PBXFileReference; lastKnownFileType = file; path = _mixin.scssc; sourceTree = "<group>"; };
		93AF651D1C0FDADB00C80A9E /* _animation.scssc */ = {isa = PBXFileReference; lastKnownFileType = file; path = _animation.scssc; sourceTree = "<group>"; };
		93AF651E1C0FDADB00C80A9E /* _data.scssc */ = {isa = PBXFileReference; lastKnownFileType = file; path = _data.scssc; sourceTree = "<group>"; };
		93AF651F1C0FDADB00C80A9E /* _font.scssc */ = {isa = PBXFileReference; lastKnownFileType = file; path = _font.scssc; sourceTree = "<group>"; };
		93AF65201C0FDADB00C80A9E /* _mixin.scssc */ = {isa = PBXFileReference; lastKnownFileType = file; path = _mixin.scssc; sourceTree = "<group>"; };
		93AF65211C0FDADB00C80A9E /* jquery-1.11.3.min.js */ = {isa = PBXFileReference; fileEncoding = 4; lastKnownFileType = sourcecode.javascript; path = "jquery-1.11.3.min.js"; sourceTree = "<group>"; };
		93AF65221C0FDADB00C80A9E /* jquery-1.8.3.min.js */ = {isa = PBXFileReference; fileEncoding = 4; lastKnownFileType = sourcecode.javascript; path = "jquery-1.8.3.min.js"; sourceTree = "<group>"; };
		93AF65231C0FDADB00C80A9E /* jquery.select.js */ = {isa = PBXFileReference; fileEncoding = 4; lastKnownFileType = sourcecode.javascript; path = jquery.select.js; sourceTree = "<group>"; };
		93AF65241C0FDADB00C80A9E /* materialize.css */ = {isa = PBXFileReference; fileEncoding = 4; lastKnownFileType = text.css; path = materialize.css; sourceTree = "<group>"; };
		93AF65251C0FDADB00C80A9E /* materialize.min.css */ = {isa = PBXFileReference; fileEncoding = 4; lastKnownFileType = text.css; path = materialize.min.css; sourceTree = "<group>"; };
		93AF65261C0FDADB00C80A9E /* materialize.min.js */ = {isa = PBXFileReference; fileEncoding = 4; lastKnownFileType = sourcecode.javascript; path = materialize.min.js; sourceTree = "<group>"; };
		93AF65271C0FDADB00C80A9E /* scoreQuery.html */ = {isa = PBXFileReference; fileEncoding = 4; lastKnownFileType = text.html; path = scoreQuery.html; sourceTree = "<group>"; };
		93AF652A1C0FDADB00C80A9E /* style.css.map */ = {isa = PBXFileReference; fileEncoding = 4; lastKnownFileType = "sourcecode.module-map"; path = style.css.map; sourceTree = "<group>"; };
		93D6DC441C11D36000BB475C /* style.css */ = {isa = PBXFileReference; fileEncoding = 4; lastKnownFileType = text.css; path = style.css; sourceTree = "<group>"; };
		93D6DC461C11D36500BB475C /* scoreQuery.js */ = {isa = PBXFileReference; fileEncoding = 4; lastKnownFileType = sourcecode.javascript; path = scoreQuery.js; sourceTree = "<group>"; };
		D23DCFD71BC272DD00C32F94 /* AppDelegate.swift */ = {isa = PBXFileReference; fileEncoding = 4; lastKnownFileType = sourcecode.swift; name = AppDelegate.swift; path = rxNewsApp/AppDelegate.swift; sourceTree = "<group>"; };
		D23DCFDA1BC272DD00C32F94 /* Info.plist */ = {isa = PBXFileReference; fileEncoding = 4; lastKnownFileType = text.plist.xml; name = Info.plist; path = rxNewsApp/Info.plist; sourceTree = "<group>"; };
		D23DCFDB1BC272DD00C32F94 /* MainViewController.swift */ = {isa = PBXFileReference; fileEncoding = 4; lastKnownFileType = sourcecode.swift; name = MainViewController.swift; path = rxNewsApp/MainViewController.swift; sourceTree = "<group>"; };
		D23DCFEA1BC27A9000C32F94 /* rxNewsApp-Bridging-Header.h */ = {isa = PBXFileReference; fileEncoding = 4; lastKnownFileType = sourcecode.c.h; name = "rxNewsApp-Bridging-Header.h"; path = "rxNewsApp/rxNewsApp-Bridging-Header.h"; sourceTree = "<group>"; };
		D23DCFEB1BC27ED400C32F94 /* CollageViewController.swift */ = {isa = PBXFileReference; fileEncoding = 4; lastKnownFileType = sourcecode.swift; name = CollageViewController.swift; path = rxNewsApp/CollageViewController.swift; sourceTree = "<group>"; };
		D23DCFED1BC27F8B00C32F94 /* TushuoViewController.swift */ = {isa = PBXFileReference; fileEncoding = 4; lastKnownFileType = sourcecode.swift; name = TushuoViewController.swift; path = rxNewsApp/TushuoViewController.swift; sourceTree = "<group>"; };
		D26734801BC3C5A500E63D15 /* WebViewController.swift */ = {isa = PBXFileReference; fileEncoding = 4; lastKnownFileType = sourcecode.swift; name = WebViewController.swift; path = rxNewsApp/WebViewController.swift; sourceTree = "<group>"; };
		D26734821BC3E35700E63D15 /* tsShowCardViewController.swift */ = {isa = PBXFileReference; fileEncoding = 4; lastKnownFileType = sourcecode.swift; name = tsShowCardViewController.swift; path = rxNewsApp/tsShowCardViewController.swift; sourceTree = "<group>"; };
		D2C040441BBFC71A00791443 /* rxNewsApp.app */ = {isa = PBXFileReference; explicitFileType = wrapper.application; includeInIndex = 0; path = rxNewsApp.app; sourceTree = BUILT_PRODUCTS_DIR; };
		D2C040591BBFC71A00791443 /* rxNewsAppTests.xctest */ = {isa = PBXFileReference; explicitFileType = wrapper.cfbundle; includeInIndex = 0; path = rxNewsAppTests.xctest; sourceTree = BUILT_PRODUCTS_DIR; };
		D2C0405E1BBFC71A00791443 /* Info.plist */ = {isa = PBXFileReference; lastKnownFileType = text.plist.xml; path = Info.plist; sourceTree = "<group>"; };
		D2C0405F1BBFC71A00791443 /* rxNewsAppTests.swift */ = {isa = PBXFileReference; lastKnownFileType = sourcecode.swift; path = rxNewsAppTests.swift; sourceTree = "<group>"; };
		D2FC4D981BD4C89D00F18240 /* UserViewController.swift */ = {isa = PBXFileReference; fileEncoding = 4; lastKnownFileType = sourcecode.swift; name = UserViewController.swift; path = rxNewsApp/UserViewController.swift; sourceTree = "<group>"; };
		F4200A8D112B17FCC73B7358 /* libPods.a */ = {isa = PBXFileReference; explicitFileType = archive.ar; includeInIndex = 0; path = libPods.a; sourceTree = BUILT_PRODUCTS_DIR; };
		F7DFE015847CD4C3C33E8EF1 /* Pods.debug.xcconfig */ = {isa = PBXFileReference; includeInIndex = 1; lastKnownFileType = text.xcconfig; name = Pods.debug.xcconfig; path = "Pods/Target Support Files/Pods/Pods.debug.xcconfig"; sourceTree = "<group>"; };
/* End PBXFileReference section */

/* Begin PBXFrameworksBuildPhase section */
		D2C040411BBFC71A00791443 /* Frameworks */ = {
			isa = PBXFrameworksBuildPhase;
			buildActionMask = 2147483647;
			files = (
				14D3E5011BFC9C1D00640C29 /* libz.tbd in Frameworks */,
				14D3E4FF1BFC9C0700640C29 /* CoreGraphics.framework in Frameworks */,
				14D3E4FD1BFC9BF300640C29 /* CoreFoundation.framework in Frameworks */,
				14BF77811C00A0CC00251561 /* ShareSDK.framework in Frameworks */,
				14D3E4FB1BFC9BE300640C29 /* CFNetwork.framework in Frameworks */,
				143BA86F1BF4D5D4007697E2 /* AdSupport.framework in Frameworks */,
				14BF77841C00A0CC00251561 /* ShareSDKInterfaceAdapter.framework in Frameworks */,
				14BF77791C00A0CC00251561 /* TencentOpenAPI.framework in Frameworks */,
				14BF77831C00A0CC00251561 /* ShareSDKExtension.framework in Frameworks */,
				143BA86D1BF4D52B007697E2 /* JavaScriptCore.framework in Frameworks */,
				143BA86A1BF4D3B9007697E2 /* ImageIO.framework in Frameworks */,
				14BF77861C00A0CC00251561 /* ShareSDKUI.framework in Frameworks */,
				143BA8631BF4D380007697E2 /* libsqlite3.0.tbd in Frameworks */,
				14E9967B1BF4C817009F8184 /* libsqlite3.tbd in Frameworks */,
				14BF777B1C00A0CC00251561 /* libWeiboSDK.a in Frameworks */,
				14E996791BF4C7DD009F8184 /* libstdc++.tbd in Frameworks */,
				14BF777F1C00A0CC00251561 /* MOBFoundation.framework in Frameworks */,
				14E996771BF4C7C3009F8184 /* Accounts.framework in Frameworks */,
				14E996751BF4C7BA009F8184 /* Social.framework in Frameworks */,
				14E996731BF4C798009F8184 /* libicucore.tbd in Frameworks */,
				14E996711BF4C788009F8184 /* libz.1.2.5.tbd in Frameworks */,
				14BF777D1C00A0CC00251561 /* libWeChatSDK.a in Frameworks */,
				14E9966F1BF4C765009F8184 /* Security.framework in Frameworks */,
				14E9966D1BF4C744009F8184 /* CoreTelephony.framework in Frameworks */,
				14E9966B1BF4C73A009F8184 /* QuartzCore.framework in Frameworks */,
				14BF77821C00A0CC00251561 /* ShareSDKConnector.framework in Frameworks */,
				14E996691BF4C72E009F8184 /* SystemConfiguration.framework in Frameworks */,
				056C679E5169889877DEBDDA /* libPods.a in Frameworks */,
			);
			runOnlyForDeploymentPostprocessing = 0;
		};
		D2C040561BBFC71A00791443 /* Frameworks */ = {
			isa = PBXFrameworksBuildPhase;
			buildActionMask = 2147483647;
			files = (
			);
			runOnlyForDeploymentPostprocessing = 0;
		};
/* End PBXFrameworksBuildPhase section */

/* Begin PBXGroup section */
		143714AC1BEDA94200D2F5A9 /* TopAlertView */ = {
			isa = PBXGroup;
			children = (
				143714AD1BEDA94200D2F5A9 /* fontawesome */,
				143714B51BEDA94200D2F5A9 /* MozTopAlertView.h */,
				143714B61BEDA94200D2F5A9 /* MozTopAlertView.m */,
			);
			name = TopAlertView;
			path = rxNewsApp/TopAlertView;
			sourceTree = "<group>";
		};
		143714AD1BEDA94200D2F5A9 /* fontawesome */ = {
			isa = PBXGroup;
			children = (
				143714AE1BEDA94200D2F5A9 /* FAImageView.h */,
				143714AF1BEDA94200D2F5A9 /* FAImageView.m */,
				143714B01BEDA94200D2F5A9 /* FontAwesome.ttf */,
				143714B11BEDA94200D2F5A9 /* NSString+FontAwesome.h */,
				143714B21BEDA94200D2F5A9 /* NSString+FontAwesome.m */,
				143714B31BEDA94200D2F5A9 /* UIFont+FontAwesome.h */,
				143714B41BEDA94200D2F5A9 /* UIFont+FontAwesome.m */,
			);
			path = fontawesome;
			sourceTree = "<group>";
		};
		143714D71BEDAABF00D2F5A9 /* Products */ = {
			isa = PBXGroup;
			children = (
				143714DF1BEDAAC000D2F5A9 /* libAFNetworking.a */,
				143714E11BEDAAC000D2F5A9 /* libMJRefresh.a */,
				143714E31BEDAAC000D2F5A9 /* libPods.a */,
				143714E51BEDAAC000D2F5A9 /* libSDWebImage.a */,
				14C9F6B81BF7508F00319365 /* libVIPhotoView.a */,
				143714E71BEDAAC000D2F5A9 /* libXLPagerTabStrip.a */,
			);
			name = Products;
			sourceTree = "<group>";
		};
		143BA8701BF4D5EA007697E2 /* ShareSDKBinary */ = {
			isa = PBXGroup;
			children = (
				143BA86E1BF4D5D4007697E2 /* AdSupport.framework */,
				143BA86C1BF4D52B007697E2 /* JavaScriptCore.framework */,
				143BA8691BF4D3B9007697E2 /* ImageIO.framework */,
				143BA8621BF4D380007697E2 /* libsqlite3.0.tbd */,
				14E9967A1BF4C817009F8184 /* libsqlite3.tbd */,
				14E996781BF4C7DD009F8184 /* libstdc++.tbd */,
				14E996761BF4C7C3009F8184 /* Accounts.framework */,
				14E996741BF4C7BA009F8184 /* Social.framework */,
				14E996721BF4C798009F8184 /* libicucore.tbd */,
				14E996701BF4C788009F8184 /* libz.1.2.5.tbd */,
				14E9966E1BF4C765009F8184 /* Security.framework */,
				14E9966C1BF4C744009F8184 /* CoreTelephony.framework */,
				14E9966A1BF4C73A009F8184 /* QuartzCore.framework */,
				14E996681BF4C72E009F8184 /* SystemConfiguration.framework */,
			);
			name = ShareSDKBinary;
			sourceTree = "<group>";
		};
		145B93891BF37AB500A430EA /* RSKImageCropper */ = {
			isa = PBXGroup;
			children = (
				145B938A1BF37AB500A430EA /* CGGeometry+RSKImageCropper.h */,
				145B938B1BF37AB500A430EA /* CGGeometry+RSKImageCropper.m */,
				145B938C1BF37AB500A430EA /* RSKImageCropper.h */,
				145B938D1BF37AB500A430EA /* RSKImageCropperStrings.bundle */,
				145B938E1BF37AB500A430EA /* RSKImageCropViewController+Protected.h */,
				145B938F1BF37AB500A430EA /* RSKImageCropViewController.h */,
				145B93901BF37AB500A430EA /* RSKImageCropViewController.m */,
				145B93911BF37AB500A430EA /* RSKImageScrollView.h */,
				145B93921BF37AB500A430EA /* RSKImageScrollView.m */,
				145B93931BF37AB500A430EA /* RSKInternalUtility.h */,
				145B93941BF37AB500A430EA /* RSKInternalUtility.m */,
				145B93951BF37AB500A430EA /* RSKTouchView.h */,
				145B93961BF37AB500A430EA /* RSKTouchView.m */,
				145B93971BF37AB500A430EA /* UIApplication+RSKImageCropper.h */,
				145B93981BF37AB500A430EA /* UIApplication+RSKImageCropper.m */,
				145B93991BF37AB500A430EA /* UIImage+RSKImageCropper.h */,
				145B939A1BF37AB500A430EA /* UIImage+RSKImageCropper.m */,
			);
			name = RSKImageCropper;
			path = rxNewsApp/RSKImageCropper;
			sourceTree = "<group>";
		};
		14BF77591C00A0CC00251561 /* libraries */ = {
			isa = PBXGroup;
			children = (
				14BF775A1C00A0CC00251561 /* extends */,
				14BF77711C00A0CC00251561 /* MOBFoundation.framework */,
				14BF77721C00A0CC00251561 /* ShareSDK.bundle */,
				14BF77731C00A0CC00251561 /* ShareSDK.framework */,
				14BF77741C00A0CC00251561 /* ShareSDKConnector.framework */,
				14BF77751C00A0CC00251561 /* ShareSDKExtension.framework */,
				14BF77761C00A0CC00251561 /* ShareSDKInterfaceAdapter.framework */,
				14BF77771C00A0CC00251561 /* ShareSDKUI.bundle */,
				14BF77781C00A0CC00251561 /* ShareSDKUI.framework */,
			);
			name = libraries;
			path = rxNewsApp/libraries;
			sourceTree = "<group>";
		};
		14BF775A1C00A0CC00251561 /* extends */ = {
			isa = PBXGroup;
			children = (
				14BF775B1C00A0CC00251561 /* QQSDK */,
				14BF775E1C00A0CC00251561 /* SinaWeiboSDK */,
				14BF776C1C00A0CC00251561 /* WeChatSDK */,
			);
			path = extends;
			sourceTree = "<group>";
		};
		14BF775B1C00A0CC00251561 /* QQSDK */ = {
			isa = PBXGroup;
			children = (
				14BF775C1C00A0CC00251561 /* TencentOpenAPI.framework */,
				14BF775D1C00A0CC00251561 /* TencentOpenApi_IOS_Bundle.bundle */,
			);
			path = QQSDK;
			sourceTree = "<group>";
		};
		14BF775E1C00A0CC00251561 /* SinaWeiboSDK */ = {
			isa = PBXGroup;
			children = (
				14BF775F1C00A0CC00251561 /* libWeiboSDK.a */,
				14BF77601C00A0CC00251561 /* WBHttpRequest+WeiboGame.h */,
				14BF77611C00A0CC00251561 /* WBHttpRequest+WeiboShare.h */,
				14BF77621C00A0CC00251561 /* WBHttpRequest+WeiboToken.h */,
				14BF77631C00A0CC00251561 /* WBHttpRequest+WeiboUser.h */,
				14BF77641C00A0CC00251561 /* WBHttpRequest.h */,
				14BF77651C00A0CC00251561 /* WBSDKBasicButton.h */,
				14BF77661C00A0CC00251561 /* WBSDKCommentButton.h */,
				14BF77671C00A0CC00251561 /* WBSDKRelationshipButton.h */,
				14BF77681C00A0CC00251561 /* WeiboSDK+Statistics.h */,
				14BF77691C00A0CC00251561 /* WeiboSDK.bundle */,
				14BF776A1C00A0CC00251561 /* WeiboSDK.h */,
				14BF776B1C00A0CC00251561 /* WeiboUser.h */,
			);
			path = SinaWeiboSDK;
			sourceTree = "<group>";
		};
		14BF776C1C00A0CC00251561 /* WeChatSDK */ = {
			isa = PBXGroup;
			children = (
				14BF776D1C00A0CC00251561 /* libWeChatSDK.a */,
				14BF776E1C00A0CC00251561 /* read_me.txt */,
				14BF776F1C00A0CC00251561 /* WXApi.h */,
				14BF77701C00A0CC00251561 /* WXApiObject.h */,
			);
			path = WeChatSDK;
			sourceTree = "<group>";
		};
		14F8274F1BEB6F8A004AEA96 /* Vendor */ = {
			isa = PBXGroup;
			children = (
				14F827501BEB6F8A004AEA96 /* btn_close_normal.png */,
				14F827511BEB6F8A004AEA96 /* btn_close_normal@2x.png */,
				14F827521BEB6F8A004AEA96 /* btn_close_selected.png */,
				14F827531BEB6F8A004AEA96 /* btn_close_selected@2x.png */,
				14F827541BEB6F8A004AEA96 /* DXAlertView.h */,
				14F827551BEB6F8A004AEA96 /* DXAlertView.m */,
			);
			name = Vendor;
			path = rxNewsApp/Vendor;
			sourceTree = SOURCE_ROOT;
		};
		65BD11CB1CB9134FAF5CAB46 /* Frameworks */ = {
			isa = PBXGroup;
			children = (
				14BF77591C00A0CC00251561 /* libraries */,
				14D3E5001BFC9C1D00640C29 /* libz.tbd */,
				14D3E4FE1BFC9C0700640C29 /* CoreGraphics.framework */,
				14D3E4FC1BFC9BF300640C29 /* CoreFoundation.framework */,
				14D3E4FA1BFC9BE300640C29 /* CFNetwork.framework */,
				143BA8701BF4D5EA007697E2 /* ShareSDKBinary */,
				145B93891BF37AB500A430EA /* RSKImageCropper */,
				14F8274F1BEB6F8A004AEA96 /* Vendor */,
				143714AC1BEDA94200D2F5A9 /* TopAlertView */,
				143714D61BEDAABF00D2F5A9 /* Pods.xcodeproj */,
				F4200A8D112B17FCC73B7358 /* libPods.a */,
			);
			name = Frameworks;
			sourceTree = "<group>";
		};
		8C874986B1DB2DC47DB54D74 /* Pods */ = {
			isa = PBXGroup;
			children = (
				F7DFE015847CD4C3C33E8EF1 /* Pods.debug.xcconfig */,
				197015E37310C125A909AEF2 /* Pods.release.xcconfig */,
			);
			name = Pods;
			sourceTree = "<group>";
		};
		9396651A1C0C5A2E00539CE0 /* MainController */ = {
			isa = PBXGroup;
			children = (
				939313BC1C1083ED001DC404 /* CommentViewController.swift */,
				D23DCFDB1BC272DD00C32F94 /* MainViewController.swift */,
			);
			name = MainController;
			sourceTree = "<group>";
		};
		9396651B1C0C5A7C00539CE0 /* UserController */ = {
			isa = PBXGroup;
			children = (
				D2FC4D981BD4C89D00F18240 /* UserViewController.swift */,
				939313BA1C1083E2001DC404 /* AboutViewController.swift */,
				939313B61C1083CF001DC404 /* FBViewController.swift */,
				939313B81C1083D6001DC404 /* SettingViewController.swift */,
			);
			name = UserController;
			sourceTree = "<group>";
		};
		9396651C1C0C5B9500539CE0 /* CollageController */ = {
			isa = PBXGroup;
			children = (
				D23DCFEB1BC27ED400C32F94 /* CollageViewController.swift */,
			);
			name = CollageController;
			sourceTree = "<group>";
		};
		9396651D1C0C5BAC00539CE0 /* PictureController */ = {
			isa = PBXGroup;
			children = (
				D23DCFED1BC27F8B00C32F94 /* TushuoViewController.swift */,
				D26734821BC3E35700E63D15 /* tsShowCardViewController.swift */,
				14ECBA5B1C1BC0AA00461BC5 /* TSScrollview.swift */,
			);
			name = PictureController;
			sourceTree = "<group>";
		};
		93AF64D71C0FDADB00C80A9E /* rxService */ = {
			isa = PBXGroup;
			children = (
				93AF64D81C0FDADB00C80A9E /* RixinClassQuery */,
				93AF64FB1C0FDADB00C80A9E /* RixinScoreQuery */,
			);
			path = rxService;
			sourceTree = "<group>";
		};
		93AF64D81C0FDADB00C80A9E /* RixinClassQuery */ = {
			isa = PBXGroup;
			children = (
				93AF64D91C0FDADB00C80A9E /* .sass-cache */,
				93AF64E91C0FDADB00C80A9E /* classQuery.html */,
				93AF64EA1C0FDADB00C80A9E /* classQuery.js */,
				93AF64EB1C0FDADB00C80A9E /* jquery-1.11.3.min.js */,
				93AF64EC1C0FDADB00C80A9E /* materialize.css */,
				93AF64ED1C0FDADB00C80A9E /* materialize.js */,
				93AF64EE1C0FDADB00C80A9E /* materialize.min.css */,
				93AF64EF1C0FDADB00C80A9E /* materialize.min.js */,
				93AF64F91C0FDADB00C80A9E /* style.css */,
				93AF64FA1C0FDADB00C80A9E /* style.css.map */,
			);
			path = RixinClassQuery;
			sourceTree = "<group>";
		};
		93AF64D91C0FDADB00C80A9E /* .sass-cache */ = {
			isa = PBXGroup;
			children = (
				93AF64DA1C0FDADB00C80A9E /* 85baad6e4c888923e30bc40f1521ea6b60d0565d */,
				93AF64E41C0FDADB00C80A9E /* ebf5194e9056f9968d4bb662c6048c9a42df4864 */,
			);
			path = ".sass-cache";
			sourceTree = "<group>";
		};
		93AF64DA1C0FDADB00C80A9E /* 85baad6e4c888923e30bc40f1521ea6b60d0565d */ = {
			isa = PBXGroup;
			children = (
				93AF64DB1C0FDADB00C80A9E /* _csshake.scssc */,
				93AF64DC1C0FDADB00C80A9E /* _reset.scssc */,
				93AF64DD1C0FDADB00C80A9E /* daily-class-style.scssc */,
				93AF64DE1C0FDADB00C80A9E /* dayly-class-style.scssc */,
				93AF64DF1C0FDADB00C80A9E /* dayly-style.scssc */,
				93AF64E01C0FDADB00C80A9E /* dayly.scssc */,
				93AF64E11C0FDADB00C80A9E /* style.scssc */,
				93AF64E21C0FDADB00C80A9E /* weekly-class-style.scssc */,
				93AF64E31C0FDADB00C80A9E /* weekly-style.scssc */,
			);
			path = 85baad6e4c888923e30bc40f1521ea6b60d0565d;
			sourceTree = "<group>";
		};
		93AF64E41C0FDADB00C80A9E /* ebf5194e9056f9968d4bb662c6048c9a42df4864 */ = {
			isa = PBXGroup;
			children = (
				93AF64E51C0FDADB00C80A9E /* _animation.scssc */,
				93AF64E61C0FDADB00C80A9E /* _data.scssc */,
				93AF64E71C0FDADB00C80A9E /* _font.scssc */,
				93AF64E81C0FDADB00C80A9E /* _mixin.scssc */,
			);
			path = ebf5194e9056f9968d4bb662c6048c9a42df4864;
			sourceTree = "<group>";
		};
		93AF64FB1C0FDADB00C80A9E /* RixinScoreQuery */ = {
			isa = PBXGroup;
			children = (
				93AF64FC1C0FDADB00C80A9E /* .sass-cache */,
				93AF65211C0FDADB00C80A9E /* jquery-1.11.3.min.js */,
				93AF65221C0FDADB00C80A9E /* jquery-1.8.3.min.js */,
				93AF65231C0FDADB00C80A9E /* jquery.select.js */,
				93AF65241C0FDADB00C80A9E /* materialize.css */,
				93AF65251C0FDADB00C80A9E /* materialize.min.css */,
				93D6DC461C11D36500BB475C /* scoreQuery.js */,
				93D6DC441C11D36000BB475C /* style.css */,
				93AF65261C0FDADB00C80A9E /* materialize.min.js */,
				93AF65271C0FDADB00C80A9E /* scoreQuery.html */,
				93AF652A1C0FDADB00C80A9E /* style.css.map */,
			);
			path = RixinScoreQuery;
			sourceTree = "<group>";
		};
		93AF64FC1C0FDADB00C80A9E /* .sass-cache */ = {
			isa = PBXGroup;
			children = (
				93AF64FD1C0FDADB00C80A9E /* 0ddb7b1d0d440cf92b43d080216ccc3a3b69c29f */,
				93AF65021C0FDADB00C80A9E /* 1f506e3e5790cbce39ef1b91401d3d965a69dc86 */,
				93AF65061C0FDADB00C80A9E /* 2a7863f48eea8f345c81bf3b9e40ed8c4cadf2e8 */,
				93AF650B1C0FDADB00C80A9E /* 3cd6adf80887b26295c6d75fd174b629c937acf1 */,
				93AF650F1C0FDADB00C80A9E /* 7ad9bc4085647f66baac914da8a8323bb0f5f2d3 */,
				93AF65131C0FDADB00C80A9E /* 89b0135d359bec0df663e7bc78c0e263c6e8fc71 */,
				93AF65171C0FDADB00C80A9E /* 90e1383761e17b60ce2970e0584800b08162dcf4 */,
				93AF651C1C0FDADB00C80A9E /* b68b3c58a8597df73602974e603324080a358843 */,
			);
			path = ".sass-cache";
			sourceTree = "<group>";
		};
		93AF64FD1C0FDADB00C80A9E /* 0ddb7b1d0d440cf92b43d080216ccc3a3b69c29f */ = {
			isa = PBXGroup;
			children = (
				93AF64FE1C0FDADB00C80A9E /* _animation.scssc */,
				93AF64FF1C0FDADB00C80A9E /* _data.scssc */,
				93AF65001C0FDADB00C80A9E /* _font.scssc */,
				93AF65011C0FDADB00C80A9E /* _mixin.scssc */,
			);
			path = 0ddb7b1d0d440cf92b43d080216ccc3a3b69c29f;
			sourceTree = "<group>";
		};
		93AF65021C0FDADB00C80A9E /* 1f506e3e5790cbce39ef1b91401d3d965a69dc86 */ = {
			isa = PBXGroup;
			children = (
				93AF65031C0FDADB00C80A9E /* _csshake.scssc */,
				93AF65041C0FDADB00C80A9E /* _reset.scssc */,
				93AF65051C0FDADB00C80A9E /* style.scssc */,
			);
			path = 1f506e3e5790cbce39ef1b91401d3d965a69dc86;
			sourceTree = "<group>";
		};
		93AF65061C0FDADB00C80A9E /* 2a7863f48eea8f345c81bf3b9e40ed8c4cadf2e8 */ = {
			isa = PBXGroup;
			children = (
				93AF65071C0FDADB00C80A9E /* _animation.scssc */,
				93AF65081C0FDADB00C80A9E /* _data.scssc */,
				93AF65091C0FDADB00C80A9E /* _font.scssc */,
				93AF650A1C0FDADB00C80A9E /* _mixin.scssc */,
			);
			path = 2a7863f48eea8f345c81bf3b9e40ed8c4cadf2e8;
			sourceTree = "<group>";
		};
		93AF650B1C0FDADB00C80A9E /* 3cd6adf80887b26295c6d75fd174b629c937acf1 */ = {
			isa = PBXGroup;
			children = (
				93AF650C1C0FDADB00C80A9E /* _csshake.scssc */,
				93AF650D1C0FDADB00C80A9E /* _reset.scssc */,
				93AF650E1C0FDADB00C80A9E /* style.scssc */,
			);
			path = 3cd6adf80887b26295c6d75fd174b629c937acf1;
			sourceTree = "<group>";
		};
		93AF650F1C0FDADB00C80A9E /* 7ad9bc4085647f66baac914da8a8323bb0f5f2d3 */ = {
			isa = PBXGroup;
			children = (
				93AF65101C0FDADB00C80A9E /* _csshake.scssc */,
				93AF65111C0FDADB00C80A9E /* _reset.scssc */,
				93AF65121C0FDADB00C80A9E /* style.scssc */,
			);
			path = 7ad9bc4085647f66baac914da8a8323bb0f5f2d3;
			sourceTree = "<group>";
		};
		93AF65131C0FDADB00C80A9E /* 89b0135d359bec0df663e7bc78c0e263c6e8fc71 */ = {
			isa = PBXGroup;
			children = (
				93AF65141C0FDADB00C80A9E /* _csshake.scssc */,
				93AF65151C0FDADB00C80A9E /* _reset.scssc */,
				93AF65161C0FDADB00C80A9E /* style.scssc */,
			);
			path = 89b0135d359bec0df663e7bc78c0e263c6e8fc71;
			sourceTree = "<group>";
		};
		93AF65171C0FDADB00C80A9E /* 90e1383761e17b60ce2970e0584800b08162dcf4 */ = {
			isa = PBXGroup;
			children = (
				93AF65181C0FDADB00C80A9E /* _animation.scssc */,
				93AF65191C0FDADB00C80A9E /* _data.scssc */,
				93AF651A1C0FDADB00C80A9E /* _font.scssc */,
				93AF651B1C0FDADB00C80A9E /* _mixin.scssc */,
			);
			path = 90e1383761e17b60ce2970e0584800b08162dcf4;
			sourceTree = "<group>";
		};
		93AF651C1C0FDADB00C80A9E /* b68b3c58a8597df73602974e603324080a358843 */ = {
			isa = PBXGroup;
			children = (
				93AF651D1C0FDADB00C80A9E /* _animation.scssc */,
				93AF651E1C0FDADB00C80A9E /* _data.scssc */,
				93AF651F1C0FDADB00C80A9E /* _font.scssc */,
				93AF65201C0FDADB00C80A9E /* _mixin.scssc */,
			);
			path = b68b3c58a8597df73602974e603324080a358843;
			sourceTree = "<group>";
		};
		D23DCFD61BC272BF00C32F94 /* rxNewsApp */ = {
			isa = PBXGroup;
			children = (
				D23DCFEA1BC27A9000C32F94 /* rxNewsApp-Bridging-Header.h */,
				939313B41C1083C1001DC404 /* TuShuoNewsItem.swift */,
				D23DCFE21BC2732F00C32F94 /* ViewController */,
				D23DCFE11BC2730600C32F94 /* Base */,
				14D3E5021BFC9C5500640C29 /* PushConfig.plist */,
				93AF64D71C0FDADB00C80A9E /* rxService */,
			);
			name = rxNewsApp;
			sourceTree = "<group>";
		};
		D23DCFE11BC2730600C32F94 /* Base */ = {
			isa = PBXGroup;
			children = (
				14BF78C31C00A36F00251561 /* Images.xcassets */,
				143A93E41BF43E62001A36C8 /* Main.storyboard */,
				D23DCFDA1BC272DD00C32F94 /* Info.plist */,
				D23DCFD71BC272DD00C32F94 /* AppDelegate.swift */,
			);
			name = Base;
			sourceTree = "<group>";
		};
		D23DCFE21BC2732F00C32F94 /* ViewController */ = {
			isa = PBXGroup;
			children = (
				D26734801BC3C5A500E63D15 /* WebViewController.swift */,
				939313BE1C1083F7001DC404 /* LocalWebViewController.swift */,
				9396651D1C0C5BAC00539CE0 /* PictureController */,
				9396651C1C0C5B9500539CE0 /* CollageController */,
				9396651B1C0C5A7C00539CE0 /* UserController */,
				9396651A1C0C5A2E00539CE0 /* MainController */,
			);
			name = ViewController;
			sourceTree = "<group>";
		};
		D2C0403B1BBFC71A00791443 = {
			isa = PBXGroup;
			children = (
				D23DCFD61BC272BF00C32F94 /* rxNewsApp */,
				D2C0405C1BBFC71A00791443 /* rxNewsAppTests */,
				D2C040451BBFC71A00791443 /* Products */,
				8C874986B1DB2DC47DB54D74 /* Pods */,
				65BD11CB1CB9134FAF5CAB46 /* Frameworks */,
			);
			sourceTree = "<group>";
		};
		D2C040451BBFC71A00791443 /* Products */ = {
			isa = PBXGroup;
			children = (
				D2C040441BBFC71A00791443 /* rxNewsApp.app */,
				D2C040591BBFC71A00791443 /* rxNewsAppTests.xctest */,
			);
			name = Products;
			sourceTree = "<group>";
		};
		D2C0405C1BBFC71A00791443 /* rxNewsAppTests */ = {
			isa = PBXGroup;
			children = (
				D2C0405F1BBFC71A00791443 /* rxNewsAppTests.swift */,
				D2C0405D1BBFC71A00791443 /* Supporting Files */,
			);
			path = rxNewsAppTests;
			sourceTree = "<group>";
		};
		D2C0405D1BBFC71A00791443 /* Supporting Files */ = {
			isa = PBXGroup;
			children = (
				D2C0405E1BBFC71A00791443 /* Info.plist */,
			);
			name = "Supporting Files";
			sourceTree = "<group>";
		};
/* End PBXGroup section */

/* Begin PBXNativeTarget section */
		D2C040431BBFC71A00791443 /* rxNewsApp */ = {
			isa = PBXNativeTarget;
			buildConfigurationList = D2C040631BBFC71A00791443 /* Build configuration list for PBXNativeTarget "rxNewsApp" */;
			buildPhases = (
				8EFD630A279982F64D81DD17 /* Check Pods Manifest.lock */,
				D2C040401BBFC71A00791443 /* Sources */,
				D2C040411BBFC71A00791443 /* Frameworks */,
				D2C040421BBFC71A00791443 /* Resources */,
				6757077B1C6129CBE098E64B /* Copy Pods Resources */,
				F9A641B965BCA07B5B9B6BEB /* Embed Pods Frameworks */,
			);
			buildRules = (
			);
			dependencies = (
			);
			name = rxNewsApp;
			productName = rxNewsApp;
			productReference = D2C040441BBFC71A00791443 /* rxNewsApp.app */;
			productType = "com.apple.product-type.application";
		};
		D2C040581BBFC71A00791443 /* rxNewsAppTests */ = {
			isa = PBXNativeTarget;
			buildConfigurationList = D2C040661BBFC71A00791443 /* Build configuration list for PBXNativeTarget "rxNewsAppTests" */;
			buildPhases = (
				D2C040551BBFC71A00791443 /* Sources */,
				D2C040561BBFC71A00791443 /* Frameworks */,
				D2C040571BBFC71A00791443 /* Resources */,
			);
			buildRules = (
			);
			dependencies = (
				D2C0405B1BBFC71A00791443 /* PBXTargetDependency */,
			);
			name = rxNewsAppTests;
			productName = rxNewsAppTests;
			productReference = D2C040591BBFC71A00791443 /* rxNewsAppTests.xctest */;
			productType = "com.apple.product-type.bundle.unit-test";
		};
/* End PBXNativeTarget section */

/* Begin PBXProject section */
		D2C0403C1BBFC71A00791443 /* Project object */ = {
			isa = PBXProject;
			attributes = {
				LastSwiftMigration = 0700;
				LastSwiftUpdateCheck = 0700;
				LastUpgradeCheck = 0700;
				ORGANIZATIONNAME = Findys;
				TargetAttributes = {
					D2C040431BBFC71A00791443 = {
						CreatedOnToolsVersion = 6.4;
						DevelopmentTeam = ULPY5PPAV6;
					};
					D2C040581BBFC71A00791443 = {
						CreatedOnToolsVersion = 6.4;
						TestTargetID = D2C040431BBFC71A00791443;
					};
				};
			};
			buildConfigurationList = D2C0403F1BBFC71A00791443 /* Build configuration list for PBXProject "rxNewsApp" */;
			compatibilityVersion = "Xcode 3.2";
			developmentRegion = English;
			hasScannedForEncodings = 0;
			knownRegions = (
				en,
				Base,
			);
			mainGroup = D2C0403B1BBFC71A00791443;
			productRefGroup = D2C040451BBFC71A00791443 /* Products */;
			projectDirPath = "";
			projectReferences = (
				{
					ProductGroup = 143714D71BEDAABF00D2F5A9 /* Products */;
					ProjectRef = 143714D61BEDAABF00D2F5A9 /* Pods.xcodeproj */;
				},
			);
			projectRoot = "";
			targets = (
				D2C040431BBFC71A00791443 /* rxNewsApp */,
				D2C040581BBFC71A00791443 /* rxNewsAppTests */,
			);
		};
/* End PBXProject section */

/* Begin PBXReferenceProxy section */
		143714DF1BEDAAC000D2F5A9 /* libAFNetworking.a */ = {
			isa = PBXReferenceProxy;
			fileType = archive.ar;
			path = libAFNetworking.a;
			remoteRef = 143714DE1BEDAAC000D2F5A9 /* PBXContainerItemProxy */;
			sourceTree = BUILT_PRODUCTS_DIR;
		};
		143714E11BEDAAC000D2F5A9 /* libMJRefresh.a */ = {
			isa = PBXReferenceProxy;
			fileType = archive.ar;
			path = libMJRefresh.a;
			remoteRef = 143714E01BEDAAC000D2F5A9 /* PBXContainerItemProxy */;
			sourceTree = BUILT_PRODUCTS_DIR;
		};
		143714E31BEDAAC000D2F5A9 /* libPods.a */ = {
			isa = PBXReferenceProxy;
			fileType = archive.ar;
			path = libPods.a;
			remoteRef = 143714E21BEDAAC000D2F5A9 /* PBXContainerItemProxy */;
			sourceTree = BUILT_PRODUCTS_DIR;
		};
		143714E51BEDAAC000D2F5A9 /* libSDWebImage.a */ = {
			isa = PBXReferenceProxy;
			fileType = archive.ar;
			path = libSDWebImage.a;
			remoteRef = 143714E41BEDAAC000D2F5A9 /* PBXContainerItemProxy */;
			sourceTree = BUILT_PRODUCTS_DIR;
		};
		143714E71BEDAAC000D2F5A9 /* libXLPagerTabStrip.a */ = {
			isa = PBXReferenceProxy;
			fileType = archive.ar;
			path = libXLPagerTabStrip.a;
			remoteRef = 143714E61BEDAAC000D2F5A9 /* PBXContainerItemProxy */;
			sourceTree = BUILT_PRODUCTS_DIR;
		};
		14C9F6B81BF7508F00319365 /* libVIPhotoView.a */ = {
			isa = PBXReferenceProxy;
			fileType = archive.ar;
			path = libVIPhotoView.a;
			remoteRef = 14C9F6B71BF7508F00319365 /* PBXContainerItemProxy */;
			sourceTree = BUILT_PRODUCTS_DIR;
		};
/* End PBXReferenceProxy section */

/* Begin PBXResourcesBuildPhase section */
		D2C040421BBFC71A00791443 /* Resources */ = {
			isa = PBXResourcesBuildPhase;
			buildActionMask = 2147483647;
			files = (
				14F827561BEB6F8A004AEA96 /* btn_close_normal.png in Resources */,
				93AF654B1C0FDADB00C80A9E /* _csshake.scssc in Resources */,
				93AF653B1C0FDADB00C80A9E /* materialize.css in Resources */,
				93AF65531C0FDADB00C80A9E /* _reset.scssc in Resources */,
				93AF65671C0FDADB00C80A9E /* materialize.min.css in Resources */,
				14F827571BEB6F8A004AEA96 /* btn_close_normal@2x.png in Resources */,
				93AF65331C0FDADB00C80A9E /* weekly-style.scssc in Resources */,
				93AF652E1C0FDADB00C80A9E /* dayly-class-style.scssc in Resources */,
				93AF65491C0FDADB00C80A9E /* _font.scssc in Resources */,
				93AF65681C0FDADB00C80A9E /* materialize.min.js in Resources */,
				93AF65541C0FDADB00C80A9E /* style.scssc in Resources */,
				93AF65341C0FDADB00C80A9E /* _animation.scssc in Resources */,
				93AF655F1C0FDADB00C80A9E /* _animation.scssc in Resources */,
				93AF655A1C0FDADB00C80A9E /* style.scssc in Resources */,
				93AF65301C0FDADB00C80A9E /* dayly.scssc in Resources */,
				93AF655B1C0FDADB00C80A9E /* _animation.scssc in Resources */,
				14BF77851C00A0CC00251561 /* ShareSDKUI.bundle in Resources */,
				93AF65601C0FDADB00C80A9E /* _data.scssc in Resources */,
				93AF652D1C0FDADB00C80A9E /* daily-class-style.scssc in Resources */,
				93AF655C1C0FDADB00C80A9E /* _data.scssc in Resources */,
				14D3E5031BFC9C5500640C29 /* PushConfig.plist in Resources */,
				14F827581BEB6F8A004AEA96 /* btn_close_selected.png in Resources */,
				93AF65481C0FDADB00C80A9E /* _data.scssc in Resources */,
				93AF653D1C0FDADB00C80A9E /* materialize.min.css in Resources */,
				93AF654F1C0FDADB00C80A9E /* _data.scssc in Resources */,
				93AF65501C0FDADB00C80A9E /* _font.scssc in Resources */,
				93D6DC471C11D36500BB475C /* scoreQuery.js in Resources */,
				93AF65591C0FDADB00C80A9E /* _reset.scssc in Resources */,
				93AF65381C0FDADB00C80A9E /* classQuery.html in Resources */,
				93AF65471C0FDADB00C80A9E /* _animation.scssc in Resources */,
				93AF65641C0FDADB00C80A9E /* jquery-1.8.3.min.js in Resources */,
				145B939C1BF37AB500A430EA /* RSKImageCropperStrings.bundle in Resources */,
				93AF65521C0FDADB00C80A9E /* _csshake.scssc in Resources */,
				93AF655E1C0FDADB00C80A9E /* _mixin.scssc in Resources */,
				93AF65391C0FDADB00C80A9E /* classQuery.js in Resources */,
				93AF655D1C0FDADB00C80A9E /* _font.scssc in Resources */,
				93AF654E1C0FDADB00C80A9E /* _animation.scssc in Resources */,
				14F827591BEB6F8A004AEA96 /* btn_close_selected@2x.png in Resources */,
				93AF65351C0FDADB00C80A9E /* _data.scssc in Resources */,
				93AF65691C0FDADB00C80A9E /* scoreQuery.html in Resources */,
				93AF653C1C0FDADB00C80A9E /* materialize.js in Resources */,
				93AF652F1C0FDADB00C80A9E /* dayly-style.scssc in Resources */,
				93AF652B1C0FDADB00C80A9E /* _csshake.scssc in Resources */,
				93AF65621C0FDADB00C80A9E /* _mixin.scssc in Resources */,
				93AF65561C0FDADB00C80A9E /* _reset.scssc in Resources */,
				143714B81BEDA94200D2F5A9 /* FontAwesome.ttf in Resources */,
				93AF65661C0FDADB00C80A9E /* materialize.css in Resources */,
				93AF65321C0FDADB00C80A9E /* weekly-class-style.scssc in Resources */,
				14BF777C1C00A0CC00251561 /* WeiboSDK.bundle in Resources */,
				93AF654D1C0FDADB00C80A9E /* style.scssc in Resources */,
				93AF65651C0FDADB00C80A9E /* jquery.select.js in Resources */,
				93AF65551C0FDADB00C80A9E /* _csshake.scssc in Resources */,
				93AF65361C0FDADB00C80A9E /* _font.scssc in Resources */,
				14BF777A1C00A0CC00251561 /* TencentOpenApi_IOS_Bundle.bundle in Resources */,
				93AF65571C0FDADB00C80A9E /* style.scssc in Resources */,
				93AF654A1C0FDADB00C80A9E /* _mixin.scssc in Resources */,
				93AF652C1C0FDADB00C80A9E /* _reset.scssc in Resources */,
				93AF653E1C0FDADB00C80A9E /* materialize.min.js in Resources */,
				93AF65311C0FDADB00C80A9E /* style.scssc in Resources */,
				14BF77801C00A0CC00251561 /* ShareSDK.bundle in Resources */,
				93AF65371C0FDADB00C80A9E /* _mixin.scssc in Resources */,
				93AF65631C0FDADB00C80A9E /* jquery-1.11.3.min.js in Resources */,
				93AF65511C0FDADB00C80A9E /* _mixin.scssc in Resources */,
				93AF65611C0FDADB00C80A9E /* _font.scssc in Resources */,
				93AF65581C0FDADB00C80A9E /* _csshake.scssc in Resources */,
				14BF777E1C00A0CC00251561 /* read_me.txt in Resources */,
				93AF65461C0FDADB00C80A9E /* style.css in Resources */,
				93AF654C1C0FDADB00C80A9E /* _reset.scssc in Resources */,
				143A93E61BF43E62001A36C8 /* Main.storyboard in Resources */,
				93AF653A1C0FDADB00C80A9E /* jquery-1.11.3.min.js in Resources */,
				14BF78C41C00A36F00251561 /* Images.xcassets in Resources */,
				93D6DC451C11D36000BB475C /* style.css in Resources */,
			);
			runOnlyForDeploymentPostprocessing = 0;
		};
		D2C040571BBFC71A00791443 /* Resources */ = {
			isa = PBXResourcesBuildPhase;
			buildActionMask = 2147483647;
			files = (
			);
			runOnlyForDeploymentPostprocessing = 0;
		};
/* End PBXResourcesBuildPhase section */

/* Begin PBXShellScriptBuildPhase section */
		6757077B1C6129CBE098E64B /* Copy Pods Resources */ = {
			isa = PBXShellScriptBuildPhase;
			buildActionMask = 2147483647;
			files = (
			);
			inputPaths = (
			);
			name = "Copy Pods Resources";
			outputPaths = (
			);
			runOnlyForDeploymentPostprocessing = 0;
			shellPath = /bin/sh;
			shellScript = "\"${SRCROOT}/Pods/Target Support Files/Pods/Pods-resources.sh\"\n";
			showEnvVarsInLog = 0;
		};
		8EFD630A279982F64D81DD17 /* Check Pods Manifest.lock */ = {
			isa = PBXShellScriptBuildPhase;
			buildActionMask = 2147483647;
			files = (
			);
			inputPaths = (
			);
			name = "Check Pods Manifest.lock";
			outputPaths = (
			);
			runOnlyForDeploymentPostprocessing = 0;
			shellPath = /bin/sh;
			shellScript = "diff \"${PODS_ROOT}/../Podfile.lock\" \"${PODS_ROOT}/Manifest.lock\" > /dev/null\nif [[ $? != 0 ]] ; then\n    cat << EOM\nerror: The sandbox is not in sync with the Podfile.lock. Run 'pod install' or update your CocoaPods installation.\nEOM\n    exit 1\nfi\n";
			showEnvVarsInLog = 0;
		};
		F9A641B965BCA07B5B9B6BEB /* Embed Pods Frameworks */ = {
			isa = PBXShellScriptBuildPhase;
			buildActionMask = 2147483647;
			files = (
			);
			inputPaths = (
			);
			name = "Embed Pods Frameworks";
			outputPaths = (
			);
			runOnlyForDeploymentPostprocessing = 0;
			shellPath = /bin/sh;
			shellScript = "\"${SRCROOT}/Pods/Target Support Files/Pods/Pods-frameworks.sh\"\n";
			showEnvVarsInLog = 0;
		};
/* End PBXShellScriptBuildPhase section */

/* Begin PBXSourcesBuildPhase section */
		D2C040401BBFC71A00791443 /* Sources */ = {
			isa = PBXSourcesBuildPhase;
			buildActionMask = 2147483647;
			files = (
				939313BD1C1083ED001DC404 /* CommentViewController.swift in Sources */,
				145B93A11BF37AB500A430EA /* UIApplication+RSKImageCropper.m in Sources */,
				145B939D1BF37AB500A430EA /* RSKImageCropViewController.m in Sources */,
				143714B91BEDA94200D2F5A9 /* NSString+FontAwesome.m in Sources */,
				145B939F1BF37AB500A430EA /* RSKInternalUtility.m in Sources */,
				143714B71BEDA94200D2F5A9 /* FAImageView.m in Sources */,
				D23DCFEE1BC27F8B00C32F94 /* TushuoViewController.swift in Sources */,
				939313BF1C1083F7001DC404 /* LocalWebViewController.swift in Sources */,
				14F8275A1BEB6F8A004AEA96 /* DXAlertView.m in Sources */,
				939313BB1C1083E2001DC404 /* AboutViewController.swift in Sources */,
				D2FC4D991BD4C89D00F18240 /* UserViewController.swift in Sources */,
				143714BB1BEDA94200D2F5A9 /* MozTopAlertView.m in Sources */,
				143714BA1BEDA94200D2F5A9 /* UIFont+FontAwesome.m in Sources */,
				D23DCFEC1BC27ED400C32F94 /* CollageViewController.swift in Sources */,
				D26734831BC3E35700E63D15 /* tsShowCardViewController.swift in Sources */,
				D23DCFE01BC272DD00C32F94 /* MainViewController.swift in Sources */,
				145B939E1BF37AB500A430EA /* RSKImageScrollView.m in Sources */,
				D26734811BC3C5A500E63D15 /* WebViewController.swift in Sources */,
				145B93A01BF37AB500A430EA /* RSKTouchView.m in Sources */,
				145B939B1BF37AB500A430EA /* CGGeometry+RSKImageCropper.m in Sources */,
				145B93A21BF37AB500A430EA /* UIImage+RSKImageCropper.m in Sources */,
				939313B91C1083D6001DC404 /* SettingViewController.swift in Sources */,
				14ECBA5C1C1BC0AA00461BC5 /* TSScrollview.swift in Sources */,
				D23DCFDC1BC272DD00C32F94 /* AppDelegate.swift in Sources */,
				939313B71C1083CF001DC404 /* FBViewController.swift in Sources */,
				939313B51C1083C1001DC404 /* TuShuoNewsItem.swift in Sources */,
			);
			runOnlyForDeploymentPostprocessing = 0;
		};
		D2C040551BBFC71A00791443 /* Sources */ = {
			isa = PBXSourcesBuildPhase;
			buildActionMask = 2147483647;
			files = (
				D2C040601BBFC71A00791443 /* rxNewsAppTests.swift in Sources */,
			);
			runOnlyForDeploymentPostprocessing = 0;
		};
/* End PBXSourcesBuildPhase section */

/* Begin PBXTargetDependency section */
		D2C0405B1BBFC71A00791443 /* PBXTargetDependency */ = {
			isa = PBXTargetDependency;
			target = D2C040431BBFC71A00791443 /* rxNewsApp */;
			targetProxy = D2C0405A1BBFC71A00791443 /* PBXContainerItemProxy */;
		};
/* End PBXTargetDependency section */

/* Begin PBXVariantGroup section */
		143A93E41BF43E62001A36C8 /* Main.storyboard */ = {
			isa = PBXVariantGroup;
			children = (
				143A93E51BF43E62001A36C8 /* Base */,
			);
			name = Main.storyboard;
			sourceTree = "<group>";
		};
/* End PBXVariantGroup section */

/* Begin XCBuildConfiguration section */
		D2C040611BBFC71A00791443 /* Debug */ = {
			isa = XCBuildConfiguration;
			buildSettings = {
				ALWAYS_SEARCH_USER_PATHS = NO;
				CLANG_CXX_LANGUAGE_STANDARD = "gnu++0x";
				CLANG_CXX_LIBRARY = "libc++";
				CLANG_ENABLE_MODULES = YES;
				CLANG_ENABLE_OBJC_ARC = YES;
				CLANG_WARN_BOOL_CONVERSION = YES;
				CLANG_WARN_CONSTANT_CONVERSION = YES;
				CLANG_WARN_DIRECT_OBJC_ISA_USAGE = YES_ERROR;
				CLANG_WARN_EMPTY_BODY = YES;
				CLANG_WARN_ENUM_CONVERSION = YES;
				CLANG_WARN_INT_CONVERSION = YES;
				CLANG_WARN_OBJC_ROOT_CLASS = YES_ERROR;
				CLANG_WARN_UNREACHABLE_CODE = YES;
				CLANG_WARN__DUPLICATE_METHOD_MATCH = YES;
				"CODE_SIGN_IDENTITY[sdk=iphoneos*]" = "iPhone Developer";
				COPY_PHASE_STRIP = NO;
				DEBUG_INFORMATION_FORMAT = "dwarf-with-dsym";
				ENABLE_STRICT_OBJC_MSGSEND = YES;
				ENABLE_TESTABILITY = YES;
				GCC_C_LANGUAGE_STANDARD = gnu99;
				GCC_DYNAMIC_NO_PIC = NO;
				GCC_NO_COMMON_BLOCKS = YES;
				GCC_OPTIMIZATION_LEVEL = 0;
				GCC_PREPROCESSOR_DEFINITIONS = (
					"DEBUG=1",
					"$(inherited)",
				);
				GCC_SYMBOLS_PRIVATE_EXTERN = NO;
				GCC_WARN_64_TO_32_BIT_CONVERSION = YES;
				GCC_WARN_ABOUT_RETURN_TYPE = YES_ERROR;
				GCC_WARN_UNDECLARED_SELECTOR = YES;
				GCC_WARN_UNINITIALIZED_AUTOS = YES_AGGRESSIVE;
				GCC_WARN_UNUSED_FUNCTION = YES;
				GCC_WARN_UNUSED_VARIABLE = YES;
				IPHONEOS_DEPLOYMENT_TARGET = 7.0;
				MTL_ENABLE_DEBUG_INFO = YES;
				ONLY_ACTIVE_ARCH = YES;
				SDKROOT = iphoneos;
				SWIFT_OPTIMIZATION_LEVEL = "-Onone";
			};
			name = Debug;
		};
		D2C040621BBFC71A00791443 /* Release */ = {
			isa = XCBuildConfiguration;
			buildSettings = {
				ALWAYS_SEARCH_USER_PATHS = NO;
				CLANG_CXX_LANGUAGE_STANDARD = "gnu++0x";
				CLANG_CXX_LIBRARY = "libc++";
				CLANG_ENABLE_MODULES = YES;
				CLANG_ENABLE_OBJC_ARC = YES;
				CLANG_WARN_BOOL_CONVERSION = YES;
				CLANG_WARN_CONSTANT_CONVERSION = YES;
				CLANG_WARN_DIRECT_OBJC_ISA_USAGE = YES_ERROR;
				CLANG_WARN_EMPTY_BODY = YES;
				CLANG_WARN_ENUM_CONVERSION = YES;
				CLANG_WARN_INT_CONVERSION = YES;
				CLANG_WARN_OBJC_ROOT_CLASS = YES_ERROR;
				CLANG_WARN_UNREACHABLE_CODE = YES;
				CLANG_WARN__DUPLICATE_METHOD_MATCH = YES;
				"CODE_SIGN_IDENTITY[sdk=iphoneos*]" = "iPhone Developer";
				COPY_PHASE_STRIP = NO;
				DEBUG_INFORMATION_FORMAT = "dwarf-with-dsym";
				ENABLE_NS_ASSERTIONS = NO;
				ENABLE_STRICT_OBJC_MSGSEND = YES;
				GCC_C_LANGUAGE_STANDARD = gnu99;
				GCC_NO_COMMON_BLOCKS = YES;
				GCC_WARN_64_TO_32_BIT_CONVERSION = YES;
				GCC_WARN_ABOUT_RETURN_TYPE = YES_ERROR;
				GCC_WARN_UNDECLARED_SELECTOR = YES;
				GCC_WARN_UNINITIALIZED_AUTOS = YES_AGGRESSIVE;
				GCC_WARN_UNUSED_FUNCTION = YES;
				GCC_WARN_UNUSED_VARIABLE = YES;
				IPHONEOS_DEPLOYMENT_TARGET = 7.0;
				MTL_ENABLE_DEBUG_INFO = NO;
				SDKROOT = iphoneos;
				VALIDATE_PRODUCT = YES;
			};
			name = Release;
		};
		D2C040641BBFC71A00791443 /* Debug */ = {
			isa = XCBuildConfiguration;
			baseConfigurationReference = F7DFE015847CD4C3C33E8EF1 /* Pods.debug.xcconfig */;
			buildSettings = {
				ASSETCATALOG_COMPILER_APPICON_NAME = AppIcon;
				ASSETCATALOG_COMPILER_LAUNCHIMAGE_NAME = LaunchImage;
				CODE_SIGN_IDENTITY = "iPhone Developer";
				"CODE_SIGN_IDENTITY[sdk=iphoneos*]" = "iPhone Developer";
				FRAMEWORK_SEARCH_PATHS = (
					"$(inherited)",
					"$(PROJECT_DIR)/libraries/extends/QQSDK",
					"$(PROJECT_DIR)/libraries",
					"$(PROJECT_DIR)/rxNewsApp/libraries/extends/QQSDK",
					"$(PROJECT_DIR)/rxNewsApp/libraries",
				);
				INFOPLIST_FILE = rxNewsApp/Info.plist;
				IPHONEOS_DEPLOYMENT_TARGET = 8.0;
				LD_RUNPATH_SEARCH_PATHS = "$(inherited) @executable_path/Frameworks";
				LIBRARY_SEARCH_PATHS = (
					"$(inherited)",
					"$(PROJECT_DIR)/libraries/extends/SinaWeiboSDK",
					"$(PROJECT_DIR)/libraries/extends/WeChatSDK",
					"$(PROJECT_DIR)/rxNewsApp/libraries/extends/SinaWeiboSDK",
					"$(PROJECT_DIR)/rxNewsApp/libraries/extends/WeChatSDK",
				);
				PRODUCT_BUNDLE_IDENTIFIER = ecjtu.net.rxNewsApp5;
				PRODUCT_NAME = "$(TARGET_NAME)";
				PROVISIONING_PROFILE = "";
				SWIFT_OBJC_BRIDGING_HEADER = "/Users/Findys/Documents/rxNewsAppIOS/rxNewsApp/rxNewsApp-Bridging-Header.h";
				TARGETED_DEVICE_FAMILY = 1;
			};
			name = Debug;
		};
		D2C040651BBFC71A00791443 /* Release */ = {
			isa = XCBuildConfiguration;
			baseConfigurationReference = 197015E37310C125A909AEF2 /* Pods.release.xcconfig */;
			buildSettings = {
				ASSETCATALOG_COMPILER_APPICON_NAME = AppIcon;
				ASSETCATALOG_COMPILER_LAUNCHIMAGE_NAME = LaunchImage;
				CODE_SIGN_IDENTITY = "iPhone Developer";
				"CODE_SIGN_IDENTITY[sdk=iphoneos*]" = "iPhone Developer";
				FRAMEWORK_SEARCH_PATHS = (
					"$(inherited)",
					"$(PROJECT_DIR)/libraries/extends/QQSDK",
					"$(PROJECT_DIR)/libraries",
					"$(PROJECT_DIR)/rxNewsApp/libraries/extends/QQSDK",
					"$(PROJECT_DIR)/rxNewsApp/libraries",
				);
				INFOPLIST_FILE = rxNewsApp/Info.plist;
				IPHONEOS_DEPLOYMENT_TARGET = 8.0;
				LD_RUNPATH_SEARCH_PATHS = "$(inherited) @executable_path/Frameworks";
				LIBRARY_SEARCH_PATHS = (
					"$(inherited)",
					"$(PROJECT_DIR)/libraries/extends/SinaWeiboSDK",
					"$(PROJECT_DIR)/libraries/extends/WeChatSDK",
					"$(PROJECT_DIR)/rxNewsApp/libraries/extends/SinaWeiboSDK",
					"$(PROJECT_DIR)/rxNewsApp/libraries/extends/WeChatSDK",
				);
				PRODUCT_BUNDLE_IDENTIFIER = ecjtu.net.rxNewsApp5;
				PRODUCT_NAME = "$(TARGET_NAME)";
				PROVISIONING_PROFILE = "";
				SWIFT_OBJC_BRIDGING_HEADER = "/Users/Findys/Documents/rxNewsAppIOS/rxNewsApp/rxNewsApp-Bridging-Header.h";
				TARGETED_DEVICE_FAMILY = 1;
			};
			name = Release;
		};
		D2C040671BBFC71A00791443 /* Debug */ = {
			isa = XCBuildConfiguration;
			buildSettings = {
				BUNDLE_LOADER = "$(TEST_HOST)";
				FRAMEWORK_SEARCH_PATHS = (
					"$(SDKROOT)/Developer/Library/Frameworks",
					"$(inherited)",
				);
				GCC_PREPROCESSOR_DEFINITIONS = (
					"DEBUG=1",
					"$(inherited)",
				);
				INFOPLIST_FILE = rxNewsAppTests/Info.plist;
				LD_RUNPATH_SEARCH_PATHS = "$(inherited) @executable_path/Frameworks @loader_path/Frameworks";
				PRODUCT_BUNDLE_IDENTIFIER = "ecjtu.net.$(PRODUCT_NAME:rfc1034identifier)";
				PRODUCT_NAME = "$(TARGET_NAME)";
				TEST_HOST = "$(BUILT_PRODUCTS_DIR)/rxNewsApp.app/rxNewsApp";
			};
			name = Debug;
		};
		D2C040681BBFC71A00791443 /* Release */ = {
			isa = XCBuildConfiguration;
			buildSettings = {
				BUNDLE_LOADER = "$(TEST_HOST)";
				FRAMEWORK_SEARCH_PATHS = (
					"$(SDKROOT)/Developer/Library/Frameworks",
					"$(inherited)",
				);
				INFOPLIST_FILE = rxNewsAppTests/Info.plist;
				LD_RUNPATH_SEARCH_PATHS = "$(inherited) @executable_path/Frameworks @loader_path/Frameworks";
				PRODUCT_BUNDLE_IDENTIFIER = "ecjtu.net.$(PRODUCT_NAME:rfc1034identifier)";
				PRODUCT_NAME = "$(TARGET_NAME)";
				TEST_HOST = "$(BUILT_PRODUCTS_DIR)/rxNewsApp.app/rxNewsApp";
			};
			name = Release;
		};
/* End XCBuildConfiguration section */

/* Begin XCConfigurationList section */
		D2C0403F1BBFC71A00791443 /* Build configuration list for PBXProject "rxNewsApp" */ = {
			isa = XCConfigurationList;
			buildConfigurations = (
				D2C040611BBFC71A00791443 /* Debug */,
				D2C040621BBFC71A00791443 /* Release */,
			);
			defaultConfigurationIsVisible = 0;
			defaultConfigurationName = Release;
		};
		D2C040631BBFC71A00791443 /* Build configuration list for PBXNativeTarget "rxNewsApp" */ = {
			isa = XCConfigurationList;
			buildConfigurations = (
				D2C040641BBFC71A00791443 /* Debug */,
				D2C040651BBFC71A00791443 /* Release */,
			);
			defaultConfigurationIsVisible = 0;
			defaultConfigurationName = Release;
		};
		D2C040661BBFC71A00791443 /* Build configuration list for PBXNativeTarget "rxNewsAppTests" */ = {
			isa = XCConfigurationList;
			buildConfigurations = (
				D2C040671BBFC71A00791443 /* Debug */,
				D2C040681BBFC71A00791443 /* Release */,
			);
			defaultConfigurationIsVisible = 0;
			defaultConfigurationName = Release;
		};
/* End XCConfigurationList section */
	};
	rootObject = D2C0403C1BBFC71A00791443 /* Project object */;
}
